// !$*UTF8*$!
{
	archiveVersion = 1;
	classes = {
	};
	objectVersion = 55;
	objects = {

/* Begin PBXBuildFile section */
		A847427F2A5EC4B600B1F601 /* ScrollView_SwiftUIApp.swift in Sources */ = {isa = PBXBuildFile; fileRef = A847427E2A5EC4B600B1F601 /* ScrollView_SwiftUIApp.swift */; };
		A84742832A5EC4B800B1F601 /* Assets.xcassets in Resources */ = {isa = PBXBuildFile; fileRef = A84742822A5EC4B800B1F601 /* Assets.xcassets */; };
		A84742862A5EC4B800B1F601 /* Preview Assets.xcassets in Resources */ = {isa = PBXBuildFile; fileRef = A84742852A5EC4B800B1F601 /* Preview Assets.xcassets */; };
		A84742902A5EC4B800B1F601 /* ScrollView_SwiftUITests.swift in Sources */ = {isa = PBXBuildFile; fileRef = A847428F2A5EC4B800B1F601 /* ScrollView_SwiftUITests.swift */; };
		A847429A2A5EC4B800B1F601 /* ScrollView_SwiftUIUITests.swift in Sources */ = {isa = PBXBuildFile; fileRef = A84742992A5EC4B800B1F601 /* ScrollView_SwiftUIUITests.swift */; };
		A847429C2A5EC4B800B1F601 /* ScrollView_SwiftUIUITestsLaunchTests.swift in Sources */ = {isa = PBXBuildFile; fileRef = A847429B2A5EC4B800B1F601 /* ScrollView_SwiftUIUITestsLaunchTests.swift */; };
		A84742AF2A5EC6CE00B1F601 /* InspirationListView.swift in Sources */ = {isa = PBXBuildFile; fileRef = A84742AE2A5EC6CE00B1F601 /* InspirationListView.swift */; };
		A84742B72A5EC99400B1F601 /* Inspiration.swift in Sources */ = {isa = PBXBuildFile; fileRef = A84742B62A5EC99400B1F601 /* Inspiration.swift */; };
		A84742B92A5ECD0000B1F601 /* InspirationRowView.swift in Sources */ = {isa = PBXBuildFile; fileRef = A84742B82A5ECD0000B1F601 /* InspirationRowView.swift */; };
		A84742BC2A5EFB0700B1F601 /* InspirationScrollView.swift in Sources */ = {isa = PBXBuildFile; fileRef = A84742BB2A5EFB0700B1F601 /* InspirationScrollView.swift */; };
		A84742BE2A5EFEA700B1F601 /* InspirationCardView.swift in Sources */ = {isa = PBXBuildFile; fileRef = A84742BD2A5EFEA700B1F601 /* InspirationCardView.swift */; };
		A84742C02A5F085000B1F601 /* InspirationGridSectionView.swift in Sources */ = {isa = PBXBuildFile; fileRef = A84742BF2A5F085000B1F601 /* InspirationGridSectionView.swift */; };
		A84742C22A5F096E00B1F601 /* InspirationTillView.swift in Sources */ = {isa = PBXBuildFile; fileRef = A84742C12A5F096E00B1F601 /* InspirationTillView.swift */; };
		A84742C42A5F0D0B00B1F601 /* SectionHeaderStyling.swift in Sources */ = {isa = PBXBuildFile; fileRef = A84742C32A5F0D0B00B1F601 /* SectionHeaderStyling.swift */; };
		A84742C62A5FAC2500B1F601 /* HorizontalScrollView.swift in Sources */ = {isa = PBXBuildFile; fileRef = A84742C52A5FAC2500B1F601 /* HorizontalScrollView.swift */; };
		A84742C82A5FAEE600B1F601 /* VerticalScrollView.swift in Sources */ = {isa = PBXBuildFile; fileRef = A84742C72A5FAEE500B1F601 /* VerticalScrollView.swift */; };
		A84742CA2A6019DA00B1F601 /* GridScrollView.swift in Sources */ = {isa = PBXBuildFile; fileRef = A84742C92A6019DA00B1F601 /* GridScrollView.swift */; };
		A84742CC2A601ED700B1F601 /* FixedTextWithScrollView.swift in Sources */ = {isa = PBXBuildFile; fileRef = A84742CB2A601ED700B1F601 /* FixedTextWithScrollView.swift */; };
		A84742CE2A602C8B00B1F601 /* ScrollViewWithBackgroundImage.swift in Sources */ = {isa = PBXBuildFile; fileRef = A84742CD2A602C8B00B1F601 /* ScrollViewWithBackgroundImage.swift */; };
/* End PBXBuildFile section */

/* Begin PBXContainerItemProxy section */
		A847428C2A5EC4B800B1F601 /* PBXContainerItemProxy */ = {
			isa = PBXContainerItemProxy;
			containerPortal = A84742732A5EC4B600B1F601 /* Project object */;
			proxyType = 1;
			remoteGlobalIDString = A847427A2A5EC4B600B1F601;
			remoteInfo = ScrollView_SwiftUI;
		};
		A84742962A5EC4B800B1F601 /* PBXContainerItemProxy */ = {
			isa = PBXContainerItemProxy;
			containerPortal = A84742732A5EC4B600B1F601 /* Project object */;
			proxyType = 1;
			remoteGlobalIDString = A847427A2A5EC4B600B1F601;
			remoteInfo = ScrollView_SwiftUI;
		};
/* End PBXContainerItemProxy section */

/* Begin PBXFileReference section */
		A847427B2A5EC4B600B1F601 /* ScrollView_SwiftUI.app */ = {isa = PBXFileReference; explicitFileType = wrapper.application; includeInIndex = 0; path = ScrollView_SwiftUI.app; sourceTree = BUILT_PRODUCTS_DIR; };
		A847427E2A5EC4B600B1F601 /* ScrollView_SwiftUIApp.swift */ = {isa = PBXFileReference; lastKnownFileType = sourcecode.swift; path = ScrollView_SwiftUIApp.swift; sourceTree = "<group>"; };
		A84742822A5EC4B800B1F601 /* Assets.xcassets */ = {isa = PBXFileReference; lastKnownFileType = folder.assetcatalog; path = Assets.xcassets; sourceTree = "<group>"; };
		A84742852A5EC4B800B1F601 /* Preview Assets.xcassets */ = {isa = PBXFileReference; lastKnownFileType = folder.assetcatalog; path = "Preview Assets.xcassets"; sourceTree = "<group>"; };
		A847428B2A5EC4B800B1F601 /* ScrollView_SwiftUITests.xctest */ = {isa = PBXFileReference; explicitFileType = wrapper.cfbundle; includeInIndex = 0; path = ScrollView_SwiftUITests.xctest; sourceTree = BUILT_PRODUCTS_DIR; };
		A847428F2A5EC4B800B1F601 /* ScrollView_SwiftUITests.swift */ = {isa = PBXFileReference; lastKnownFileType = sourcecode.swift; path = ScrollView_SwiftUITests.swift; sourceTree = "<group>"; };
		A84742952A5EC4B800B1F601 /* ScrollView_SwiftUIUITests.xctest */ = {isa = PBXFileReference; explicitFileType = wrapper.cfbundle; includeInIndex = 0; path = ScrollView_SwiftUIUITests.xctest; sourceTree = BUILT_PRODUCTS_DIR; };
		A84742992A5EC4B800B1F601 /* ScrollView_SwiftUIUITests.swift */ = {isa = PBXFileReference; lastKnownFileType = sourcecode.swift; path = ScrollView_SwiftUIUITests.swift; sourceTree = "<group>"; };
		A847429B2A5EC4B800B1F601 /* ScrollView_SwiftUIUITestsLaunchTests.swift */ = {isa = PBXFileReference; lastKnownFileType = sourcecode.swift; path = ScrollView_SwiftUIUITestsLaunchTests.swift; sourceTree = "<group>"; };
		A84742AE2A5EC6CE00B1F601 /* InspirationListView.swift */ = {isa = PBXFileReference; fileEncoding = 4; lastKnownFileType = sourcecode.swift; path = InspirationListView.swift; sourceTree = "<group>"; };
		A84742B62A5EC99400B1F601 /* Inspiration.swift */ = {isa = PBXFileReference; lastKnownFileType = sourcecode.swift; path = Inspiration.swift; sourceTree = "<group>"; };
		A84742B82A5ECD0000B1F601 /* InspirationRowView.swift */ = {isa = PBXFileReference; lastKnownFileType = sourcecode.swift; path = InspirationRowView.swift; sourceTree = "<group>"; };
		A84742BB2A5EFB0700B1F601 /* InspirationScrollView.swift */ = {isa = PBXFileReference; lastKnownFileType = sourcecode.swift; path = InspirationScrollView.swift; sourceTree = "<group>"; };
		A84742BD2A5EFEA700B1F601 /* InspirationCardView.swift */ = {isa = PBXFileReference; lastKnownFileType = sourcecode.swift; path = InspirationCardView.swift; sourceTree = "<group>"; };
		A84742BF2A5F085000B1F601 /* InspirationGridSectionView.swift */ = {isa = PBXFileReference; lastKnownFileType = sourcecode.swift; path = InspirationGridSectionView.swift; sourceTree = "<group>"; };
		A84742C12A5F096E00B1F601 /* InspirationTillView.swift */ = {isa = PBXFileReference; lastKnownFileType = sourcecode.swift; path = InspirationTillView.swift; sourceTree = "<group>"; };
		A84742C32A5F0D0B00B1F601 /* SectionHeaderStyling.swift */ = {isa = PBXFileReference; lastKnownFileType = sourcecode.swift; path = SectionHeaderStyling.swift; sourceTree = "<group>"; };
		A84742C52A5FAC2500B1F601 /* HorizontalScrollView.swift */ = {isa = PBXFileReference; lastKnownFileType = sourcecode.swift; path = HorizontalScrollView.swift; sourceTree = "<group>"; };
		A84742C72A5FAEE500B1F601 /* VerticalScrollView.swift */ = {isa = PBXFileReference; lastKnownFileType = sourcecode.swift; path = VerticalScrollView.swift; sourceTree = "<group>"; };
		A84742C92A6019DA00B1F601 /* GridScrollView.swift */ = {isa = PBXFileReference; lastKnownFileType = sourcecode.swift; path = GridScrollView.swift; sourceTree = "<group>"; };
		A84742CB2A601ED700B1F601 /* FixedTextWithScrollView.swift */ = {isa = PBXFileReference; lastKnownFileType = sourcecode.swift; path = FixedTextWithScrollView.swift; sourceTree = "<group>"; };
		A84742CD2A602C8B00B1F601 /* ScrollViewWithBackgroundImage.swift */ = {isa = PBXFileReference; lastKnownFileType = sourcecode.swift; path = ScrollViewWithBackgroundImage.swift; sourceTree = "<group>"; };
/* End PBXFileReference section */

/* Begin PBXFrameworksBuildPhase section */
		A84742782A5EC4B600B1F601 /* Frameworks */ = {
			isa = PBXFrameworksBuildPhase;
			buildActionMask = 2147483647;
			files = (
			);
			runOnlyForDeploymentPostprocessing = 0;
		};
		A84742882A5EC4B800B1F601 /* Frameworks */ = {
			isa = PBXFrameworksBuildPhase;
			buildActionMask = 2147483647;
			files = (
			);
			runOnlyForDeploymentPostprocessing = 0;
		};
		A84742922A5EC4B800B1F601 /* Frameworks */ = {
			isa = PBXFrameworksBuildPhase;
			buildActionMask = 2147483647;
			files = (
			);
			runOnlyForDeploymentPostprocessing = 0;
		};
/* End PBXFrameworksBuildPhase section */

/* Begin PBXGroup section */
		A84742722A5EC4B600B1F601 = {
			isa = PBXGroup;
			children = (
				A847427D2A5EC4B600B1F601 /* ScrollView_SwiftUI */,
				A847428E2A5EC4B800B1F601 /* ScrollView_SwiftUITests */,
				A84742982A5EC4B800B1F601 /* ScrollView_SwiftUIUITests */,
				A847427C2A5EC4B600B1F601 /* Products */,
			);
			sourceTree = "<group>";
		};
		A847427C2A5EC4B600B1F601 /* Products */ = {
			isa = PBXGroup;
			children = (
				A847427B2A5EC4B600B1F601 /* ScrollView_SwiftUI.app */,
				A847428B2A5EC4B800B1F601 /* ScrollView_SwiftUITests.xctest */,
				A84742952A5EC4B800B1F601 /* ScrollView_SwiftUIUITests.xctest */,
			);
			name = Products;
			sourceTree = "<group>";
		};
		A847427D2A5EC4B600B1F601 /* ScrollView_SwiftUI */ = {
			isa = PBXGroup;
			children = (
				A84742BA2A5EFA8E00B1F601 /* ContainViews */,
				A84742B52A5EC70E00B1F601 /* Models */,
				A84742B42A5EC70E00B1F601 /* Views */,
				A847427E2A5EC4B600B1F601 /* ScrollView_SwiftUIApp.swift */,
				A84742822A5EC4B800B1F601 /* Assets.xcassets */,
				A84742842A5EC4B800B1F601 /* Preview Content */,
			);
			path = ScrollView_SwiftUI;
			sourceTree = "<group>";
		};
		A84742842A5EC4B800B1F601 /* Preview Content */ = {
			isa = PBXGroup;
			children = (
				A84742852A5EC4B800B1F601 /* Preview Assets.xcassets */,
			);
			path = "Preview Content";
			sourceTree = "<group>";
		};
		A847428E2A5EC4B800B1F601 /* ScrollView_SwiftUITests */ = {
			isa = PBXGroup;
			children = (
				A847428F2A5EC4B800B1F601 /* ScrollView_SwiftUITests.swift */,
			);
			path = ScrollView_SwiftUITests;
			sourceTree = "<group>";
		};
		A84742982A5EC4B800B1F601 /* ScrollView_SwiftUIUITests */ = {
			isa = PBXGroup;
			children = (
				A84742992A5EC4B800B1F601 /* ScrollView_SwiftUIUITests.swift */,
				A847429B2A5EC4B800B1F601 /* ScrollView_SwiftUIUITestsLaunchTests.swift */,
			);
			path = ScrollView_SwiftUIUITests;
			sourceTree = "<group>";
		};
		A84742B42A5EC70E00B1F601 /* Views */ = {
			isa = PBXGroup;
			children = (
				A84742B82A5ECD0000B1F601 /* InspirationRowView.swift */,
				A84742BD2A5EFEA700B1F601 /* InspirationCardView.swift */,
				A84742C12A5F096E00B1F601 /* InspirationTillView.swift */,
				A84742C32A5F0D0B00B1F601 /* SectionHeaderStyling.swift */,
			);
			path = Views;
			sourceTree = "<group>";
		};
		A84742B52A5EC70E00B1F601 /* Models */ = {
			isa = PBXGroup;
			children = (
				A84742B62A5EC99400B1F601 /* Inspiration.swift */,
			);
			path = Models;
			sourceTree = "<group>";
		};
		A84742BA2A5EFA8E00B1F601 /* ContainViews */ = {
			isa = PBXGroup;
			children = (
				A84742AE2A5EC6CE00B1F601 /* InspirationListView.swift */,
				A84742BB2A5EFB0700B1F601 /* InspirationScrollView.swift */,
				A84742BF2A5F085000B1F601 /* InspirationGridSectionView.swift */,
				A84742C52A5FAC2500B1F601 /* HorizontalScrollView.swift */,
				A84742C72A5FAEE500B1F601 /* VerticalScrollView.swift */,
				A84742C92A6019DA00B1F601 /* GridScrollView.swift */,
				A84742CB2A601ED700B1F601 /* FixedTextWithScrollView.swift */,
				A84742CD2A602C8B00B1F601 /* ScrollViewWithBackgroundImage.swift */,
			);
			path = ContainViews;
			sourceTree = "<group>";
		};
/* End PBXGroup section */

/* Begin PBXNativeTarget section */
		A847427A2A5EC4B600B1F601 /* ScrollView_SwiftUI */ = {
			isa = PBXNativeTarget;
			buildConfigurationList = A847429F2A5EC4B800B1F601 /* Build configuration list for PBXNativeTarget "ScrollView_SwiftUI" */;
			buildPhases = (
				A84742772A5EC4B600B1F601 /* Sources */,
				A84742782A5EC4B600B1F601 /* Frameworks */,
				A84742792A5EC4B600B1F601 /* Resources */,
			);
			buildRules = (
			);
			dependencies = (
			);
			name = ScrollView_SwiftUI;
			productName = ScrollView_SwiftUI;
			productReference = A847427B2A5EC4B600B1F601 /* ScrollView_SwiftUI.app */;
			productType = "com.apple.product-type.application";
		};
		A847428A2A5EC4B800B1F601 /* ScrollView_SwiftUITests */ = {
			isa = PBXNativeTarget;
			buildConfigurationList = A84742A22A5EC4B800B1F601 /* Build configuration list for PBXNativeTarget "ScrollView_SwiftUITests" */;
			buildPhases = (
				A84742872A5EC4B800B1F601 /* Sources */,
				A84742882A5EC4B800B1F601 /* Frameworks */,
				A84742892A5EC4B800B1F601 /* Resources */,
			);
			buildRules = (
			);
			dependencies = (
				A847428D2A5EC4B800B1F601 /* PBXTargetDependency */,
			);
			name = ScrollView_SwiftUITests;
			productName = ScrollView_SwiftUITests;
			productReference = A847428B2A5EC4B800B1F601 /* ScrollView_SwiftUITests.xctest */;
			productType = "com.apple.product-type.bundle.unit-test";
		};
		A84742942A5EC4B800B1F601 /* ScrollView_SwiftUIUITests */ = {
			isa = PBXNativeTarget;
			buildConfigurationList = A84742A52A5EC4B800B1F601 /* Build configuration list for PBXNativeTarget "ScrollView_SwiftUIUITests" */;
			buildPhases = (
				A84742912A5EC4B800B1F601 /* Sources */,
				A84742922A5EC4B800B1F601 /* Frameworks */,
				A84742932A5EC4B800B1F601 /* Resources */,
			);
			buildRules = (
			);
			dependencies = (
				A84742972A5EC4B800B1F601 /* PBXTargetDependency */,
			);
			name = ScrollView_SwiftUIUITests;
			productName = ScrollView_SwiftUIUITests;
			productReference = A84742952A5EC4B800B1F601 /* ScrollView_SwiftUIUITests.xctest */;
			productType = "com.apple.product-type.bundle.ui-testing";
		};
/* End PBXNativeTarget section */

/* Begin PBXProject section */
		A84742732A5EC4B600B1F601 /* Project object */ = {
			isa = PBXProject;
			attributes = {
				BuildIndependentTargetsInParallel = 1;
				LastSwiftUpdateCheck = 1320;
				LastUpgradeCheck = 1320;
				TargetAttributes = {
					A847427A2A5EC4B600B1F601 = {
						CreatedOnToolsVersion = 13.2.1;
					};
					A847428A2A5EC4B800B1F601 = {
						CreatedOnToolsVersion = 13.2.1;
						TestTargetID = A847427A2A5EC4B600B1F601;
					};
					A84742942A5EC4B800B1F601 = {
						CreatedOnToolsVersion = 13.2.1;
						TestTargetID = A847427A2A5EC4B600B1F601;
					};
				};
			};
			buildConfigurationList = A84742762A5EC4B600B1F601 /* Build configuration list for PBXProject "ScrollView_SwiftUI" */;
			compatibilityVersion = "Xcode 13.0";
			developmentRegion = en;
			hasScannedForEncodings = 0;
			knownRegions = (
				en,
				Base,
			);
			mainGroup = A84742722A5EC4B600B1F601;
			productRefGroup = A847427C2A5EC4B600B1F601 /* Products */;
			projectDirPath = "";
			projectRoot = "";
			targets = (
				A847427A2A5EC4B600B1F601 /* ScrollView_SwiftUI */,
				A847428A2A5EC4B800B1F601 /* ScrollView_SwiftUITests */,
				A84742942A5EC4B800B1F601 /* ScrollView_SwiftUIUITests */,
			);
		};
/* End PBXProject section */

/* Begin PBXResourcesBuildPhase section */
		A84742792A5EC4B600B1F601 /* Resources */ = {
			isa = PBXResourcesBuildPhase;
			buildActionMask = 2147483647;
			files = (
				A84742862A5EC4B800B1F601 /* Preview Assets.xcassets in Resources */,
				A84742832A5EC4B800B1F601 /* Assets.xcassets in Resources */,
			);
			runOnlyForDeploymentPostprocessing = 0;
		};
		A84742892A5EC4B800B1F601 /* Resources */ = {
			isa = PBXResourcesBuildPhase;
			buildActionMask = 2147483647;
			files = (
			);
			runOnlyForDeploymentPostprocessing = 0;
		};
		A84742932A5EC4B800B1F601 /* Resources */ = {
			isa = PBXResourcesBuildPhase;
			buildActionMask = 2147483647;
			files = (
			);
			runOnlyForDeploymentPostprocessing = 0;
		};
/* End PBXResourcesBuildPhase section */

/* Begin PBXSourcesBuildPhase section */
		A84742772A5EC4B600B1F601 /* Sources */ = {
			isa = PBXSourcesBuildPhase;
			buildActionMask = 2147483647;
			files = (
				A84742CC2A601ED700B1F601 /* FixedTextWithScrollView.swift in Sources */,
				A84742B72A5EC99400B1F601 /* Inspiration.swift in Sources */,
				A84742BE2A5EFEA700B1F601 /* InspirationCardView.swift in Sources */,
				A84742AF2A5EC6CE00B1F601 /* InspirationListView.swift in Sources */,
				A84742CA2A6019DA00B1F601 /* GridScrollView.swift in Sources */,
				A84742CE2A602C8B00B1F601 /* ScrollViewWithBackgroundImage.swift in Sources */,
				A84742B92A5ECD0000B1F601 /* InspirationRowView.swift in Sources */,
				A84742C22A5F096E00B1F601 /* InspirationTillView.swift in Sources */,
				A84742C62A5FAC2500B1F601 /* HorizontalScrollView.swift in Sources */,
				A84742C82A5FAEE600B1F601 /* VerticalScrollView.swift in Sources */,
				A847427F2A5EC4B600B1F601 /* ScrollView_SwiftUIApp.swift in Sources */,
				A84742BC2A5EFB0700B1F601 /* InspirationScrollView.swift in Sources */,
				A84742C42A5F0D0B00B1F601 /* SectionHeaderStyling.swift in Sources */,
				A84742C02A5F085000B1F601 /* InspirationGridSectionView.swift in Sources */,
			);
			runOnlyForDeploymentPostprocessing = 0;
		};
		A84742872A5EC4B800B1F601 /* Sources */ = {
			isa = PBXSourcesBuildPhase;
			buildActionMask = 2147483647;
			files = (
				A84742902A5EC4B800B1F601 /* ScrollView_SwiftUITests.swift in Sources */,
			);
			runOnlyForDeploymentPostprocessing = 0;
		};
		A84742912A5EC4B800B1F601 /* Sources */ = {
			isa = PBXSourcesBuildPhase;
			buildActionMask = 2147483647;
			files = (
				A847429C2A5EC4B800B1F601 /* ScrollView_SwiftUIUITestsLaunchTests.swift in Sources */,
				A847429A2A5EC4B800B1F601 /* ScrollView_SwiftUIUITests.swift in Sources */,
			);
			runOnlyForDeploymentPostprocessing = 0;
		};
/* End PBXSourcesBuildPhase section */

/* Begin PBXTargetDependency section */
		A847428D2A5EC4B800B1F601 /* PBXTargetDependency */ = {
			isa = PBXTargetDependency;
			target = A847427A2A5EC4B600B1F601 /* ScrollView_SwiftUI */;
			targetProxy = A847428C2A5EC4B800B1F601 /* PBXContainerItemProxy */;
		};
		A84742972A5EC4B800B1F601 /* PBXTargetDependency */ = {
			isa = PBXTargetDependency;
			target = A847427A2A5EC4B600B1F601 /* ScrollView_SwiftUI */;
			targetProxy = A84742962A5EC4B800B1F601 /* PBXContainerItemProxy */;
		};
/* End PBXTargetDependency section */

/* Begin XCBuildConfiguration section */
		A847429D2A5EC4B800B1F601 /* Debug */ = {
			isa = XCBuildConfiguration;
			buildSettings = {
				ALWAYS_SEARCH_USER_PATHS = NO;
				CLANG_ANALYZER_NONNULL = YES;
				CLANG_ANALYZER_NUMBER_OBJECT_CONVERSION = YES_AGGRESSIVE;
				CLANG_CXX_LANGUAGE_STANDARD = "gnu++17";
				CLANG_CXX_LIBRARY = "libc++";
				CLANG_ENABLE_MODULES = YES;
				CLANG_ENABLE_OBJC_ARC = YES;
				CLANG_ENABLE_OBJC_WEAK = YES;
				CLANG_WARN_BLOCK_CAPTURE_AUTORELEASING = YES;
				CLANG_WARN_BOOL_CONVERSION = YES;
				CLANG_WARN_COMMA = YES;
				CLANG_WARN_CONSTANT_CONVERSION = YES;
				CLANG_WARN_DEPRECATED_OBJC_IMPLEMENTATIONS = YES;
				CLANG_WARN_DIRECT_OBJC_ISA_USAGE = YES_ERROR;
				CLANG_WARN_DOCUMENTATION_COMMENTS = YES;
				CLANG_WARN_EMPTY_BODY = YES;
				CLANG_WARN_ENUM_CONVERSION = YES;
				CLANG_WARN_INFINITE_RECURSION = YES;
				CLANG_WARN_INT_CONVERSION = YES;
				CLANG_WARN_NON_LITERAL_NULL_CONVERSION = YES;
				CLANG_WARN_OBJC_IMPLICIT_RETAIN_SELF = YES;
				CLANG_WARN_OBJC_LITERAL_CONVERSION = YES;
				CLANG_WARN_OBJC_ROOT_CLASS = YES_ERROR;
				CLANG_WARN_QUOTED_INCLUDE_IN_FRAMEWORK_HEADER = YES;
				CLANG_WARN_RANGE_LOOP_ANALYSIS = YES;
				CLANG_WARN_STRICT_PROTOTYPES = YES;
				CLANG_WARN_SUSPICIOUS_MOVE = YES;
				CLANG_WARN_UNGUARDED_AVAILABILITY = YES_AGGRESSIVE;
				CLANG_WARN_UNREACHABLE_CODE = YES;
				CLANG_WARN__DUPLICATE_METHOD_MATCH = YES;
				COPY_PHASE_STRIP = NO;
				DEBUG_INFORMATION_FORMAT = dwarf;
				ENABLE_STRICT_OBJC_MSGSEND = YES;
				ENABLE_TESTABILITY = YES;
				GCC_C_LANGUAGE_STANDARD = gnu11;
				GCC_DYNAMIC_NO_PIC = NO;
				GCC_NO_COMMON_BLOCKS = YES;
				GCC_OPTIMIZATION_LEVEL = 0;
				GCC_PREPROCESSOR_DEFINITIONS = (
					"DEBUG=1",
					"$(inherited)",
				);
				GCC_WARN_64_TO_32_BIT_CONVERSION = YES;
				GCC_WARN_ABOUT_RETURN_TYPE = YES_ERROR;
				GCC_WARN_UNDECLARED_SELECTOR = YES;
				GCC_WARN_UNINITIALIZED_AUTOS = YES_AGGRESSIVE;
				GCC_WARN_UNUSED_FUNCTION = YES;
				GCC_WARN_UNUSED_VARIABLE = YES;
				IPHONEOS_DEPLOYMENT_TARGET = 15.2;
				MTL_ENABLE_DEBUG_INFO = INCLUDE_SOURCE;
				MTL_FAST_MATH = YES;
				ONLY_ACTIVE_ARCH = YES;
				SDKROOT = iphoneos;
				SWIFT_ACTIVE_COMPILATION_CONDITIONS = DEBUG;
				SWIFT_OPTIMIZATION_LEVEL = "-Onone";
			};
			name = Debug;
		};
		A847429E2A5EC4B800B1F601 /* Release */ = {
			isa = XCBuildConfiguration;
			buildSettings = {
				ALWAYS_SEARCH_USER_PATHS = NO;
				CLANG_ANALYZER_NONNULL = YES;
				CLANG_ANALYZER_NUMBER_OBJECT_CONVERSION = YES_AGGRESSIVE;
				CLANG_CXX_LANGUAGE_STANDARD = "gnu++17";
				CLANG_CXX_LIBRARY = "libc++";
				CLANG_ENABLE_MODULES = YES;
				CLANG_ENABLE_OBJC_ARC = YES;
				CLANG_ENABLE_OBJC_WEAK = YES;
				CLANG_WARN_BLOCK_CAPTURE_AUTORELEASING = YES;
				CLANG_WARN_BOOL_CONVERSION = YES;
				CLANG_WARN_COMMA = YES;
				CLANG_WARN_CONSTANT_CONVERSION = YES;
				CLANG_WARN_DEPRECATED_OBJC_IMPLEMENTATIONS = YES;
				CLANG_WARN_DIRECT_OBJC_ISA_USAGE = YES_ERROR;
				CLANG_WARN_DOCUMENTATION_COMMENTS = YES;
				CLANG_WARN_EMPTY_BODY = YES;
				CLANG_WARN_ENUM_CONVERSION = YES;
				CLANG_WARN_INFINITE_RECURSION = YES;
				CLANG_WARN_INT_CONVERSION = YES;
				CLANG_WARN_NON_LITERAL_NULL_CONVERSION = YES;
				CLANG_WARN_OBJC_IMPLICIT_RETAIN_SELF = YES;
				CLANG_WARN_OBJC_LITERAL_CONVERSION = YES;
				CLANG_WARN_OBJC_ROOT_CLASS = YES_ERROR;
				CLANG_WARN_QUOTED_INCLUDE_IN_FRAMEWORK_HEADER = YES;
				CLANG_WARN_RANGE_LOOP_ANALYSIS = YES;
				CLANG_WARN_STRICT_PROTOTYPES = YES;
				CLANG_WARN_SUSPICIOUS_MOVE = YES;
				CLANG_WARN_UNGUARDED_AVAILABILITY = YES_AGGRESSIVE;
				CLANG_WARN_UNREACHABLE_CODE = YES;
				CLANG_WARN__DUPLICATE_METHOD_MATCH = YES;
				COPY_PHASE_STRIP = NO;
				DEBUG_INFORMATION_FORMAT = "dwarf-with-dsym";
				ENABLE_NS_ASSERTIONS = NO;
				ENABLE_STRICT_OBJC_MSGSEND = YES;
				GCC_C_LANGUAGE_STANDARD = gnu11;
				GCC_NO_COMMON_BLOCKS = YES;
				GCC_WARN_64_TO_32_BIT_CONVERSION = YES;
				GCC_WARN_ABOUT_RETURN_TYPE = YES_ERROR;
				GCC_WARN_UNDECLARED_SELECTOR = YES;
				GCC_WARN_UNINITIALIZED_AUTOS = YES_AGGRESSIVE;
				GCC_WARN_UNUSED_FUNCTION = YES;
				GCC_WARN_UNUSED_VARIABLE = YES;
				IPHONEOS_DEPLOYMENT_TARGET = 15.2;
				MTL_ENABLE_DEBUG_INFO = NO;
				MTL_FAST_MATH = YES;
				SDKROOT = iphoneos;
				SWIFT_COMPILATION_MODE = wholemodule;
				SWIFT_OPTIMIZATION_LEVEL = "-O";
				VALIDATE_PRODUCT = YES;
			};
			name = Release;
		};
		A84742A02A5EC4B800B1F601 /* Debug */ = {
			isa = XCBuildConfiguration;
			buildSettings = {
				ASSETCATALOG_COMPILER_APPICON_NAME = AppIcon;
				ASSETCATALOG_COMPILER_GLOBAL_ACCENT_COLOR_NAME = AccentColor;
				CODE_SIGN_STYLE = Automatic;
				CURRENT_PROJECT_VERSION = 1;
				DEVELOPMENT_ASSET_PATHS = "\"ScrollView_SwiftUI/Preview Content\"";
				ENABLE_PREVIEWS = YES;
				GENERATE_INFOPLIST_FILE = YES;
				INFOPLIST_KEY_UIApplicationSceneManifest_Generation = YES;
				INFOPLIST_KEY_UIApplicationSupportsIndirectInputEvents = YES;
				INFOPLIST_KEY_UILaunchScreen_Generation = YES;
				INFOPLIST_KEY_UISupportedInterfaceOrientations_iPad = "UIInterfaceOrientationPortrait UIInterfaceOrientationPortraitUpsideDown UIInterfaceOrientationLandscapeLeft UIInterfaceOrientationLandscapeRight";
				INFOPLIST_KEY_UISupportedInterfaceOrientations_iPhone = "UIInterfaceOrientationPortrait UIInterfaceOrientationLandscapeLeft UIInterfaceOrientationLandscapeRight";
				LD_RUNPATH_SEARCH_PATHS = (
					"$(inherited)",
					"@executable_path/Frameworks",
				);
				MARKETING_VERSION = 1.0;
				PRODUCT_BUNDLE_IDENTIFIER = "com.nvnt.tvt.ScrollView-SwiftUI";
				PRODUCT_NAME = "$(TARGET_NAME)";
				SWIFT_EMIT_LOC_STRINGS = YES;
				SWIFT_VERSION = 5.0;
				TARGETED_DEVICE_FAMILY = "1,2";
			};
			name = Debug;
		};
		A84742A12A5EC4B800B1F601 /* Release */ = {
			isa = XCBuildConfiguration;
			buildSettings = {
				ASSETCATALOG_COMPILER_APPICON_NAME = AppIcon;
				ASSETCATALOG_COMPILER_GLOBAL_ACCENT_COLOR_NAME = AccentColor;
				CODE_SIGN_STYLE = Automatic;
				CURRENT_PROJECT_VERSION = 1;
				DEVELOPMENT_ASSET_PATHS = "\"ScrollView_SwiftUI/Preview Content\"";
				ENABLE_PREVIEWS = YES;
				GENERATE_INFOPLIST_FILE = YES;
				INFOPLIST_KEY_UIApplicationSceneManifest_Generation = YES;
				INFOPLIST_KEY_UIApplicationSupportsIndirectInputEvents = YES;
				INFOPLIST_KEY_UILaunchScreen_Generation = YES;
				INFOPLIST_KEY_UISupportedInterfaceOrientations_iPad = "UIInterfaceOrientationPortrait UIInterfaceOrientationPortraitUpsideDown UIInterfaceOrientationLandscapeLeft UIInterfaceOrientationLandscapeRight";
				INFOPLIST_KEY_UISupportedInterfaceOrientations_iPhone = "UIInterfaceOrientationPortrait UIInterfaceOrientationLandscapeLeft UIInterfaceOrientationLandscapeRight";
				LD_RUNPATH_SEARCH_PATHS = (
					"$(inherited)",
					"@executable_path/Frameworks",
				);
				MARKETING_VERSION = 1.0;
				PRODUCT_BUNDLE_IDENTIFIER = "com.nvnt.tvt.ScrollView-SwiftUI";
				PRODUCT_NAME = "$(TARGET_NAME)";
				SWIFT_EMIT_LOC_STRINGS = YES;
				SWIFT_VERSION = 5.0;
				TARGETED_DEVICE_FAMILY = "1,2";
			};
			name = Release;
		};
		A84742A32A5EC4B800B1F601 /* Debug */ = {
			isa = XCBuildConfiguration;
			buildSettings = {
				ALWAYS_EMBED_SWIFT_STANDARD_LIBRARIES = YES;
				BUNDLE_LOADER = "$(TEST_HOST)";
				CODE_SIGN_STYLE = Automatic;
				CURRENT_PROJECT_VERSION = 1;
				GENERATE_INFOPLIST_FILE = YES;
				IPHONEOS_DEPLOYMENT_TARGET = 15.2;
				MARKETING_VERSION = 1.0;
				PRODUCT_BUNDLE_IDENTIFIER = "com.nvnt.tvt.ScrollView-SwiftUITests";
				PRODUCT_NAME = "$(TARGET_NAME)";
				SWIFT_EMIT_LOC_STRINGS = NO;
				SWIFT_VERSION = 5.0;
				TARGETED_DEVICE_FAMILY = "1,2";
				TEST_HOST = "$(BUILT_PRODUCTS_DIR)/ScrollView_SwiftUI.app/ScrollView_SwiftUI";
			};
			name = Debug;
		};
		A84742A42A5EC4B800B1F601 /* Release */ = {
			isa = XCBuildConfiguration;
			buildSettings = {
				ALWAYS_EMBED_SWIFT_STANDARD_LIBRARIES = YES;
				BUNDLE_LOADER = "$(TEST_HOST)";
				CODE_SIGN_STYLE = Automatic;
				CURRENT_PROJECT_VERSION = 1;
				GENERATE_INFOPLIST_FILE = YES;
				IPHONEOS_DEPLOYMENT_TARGET = 15.2;
				MARKETING_VERSION = 1.0;
				PRODUCT_BUNDLE_IDENTIFIER = "com.nvnt.tvt.ScrollView-SwiftUITests";
				PRODUCT_NAME = "$(TARGET_NAME)";
				SWIFT_EMIT_LOC_STRINGS = NO;
				SWIFT_VERSION = 5.0;
				TARGETED_DEVICE_FAMILY = "1,2";
				TEST_HOST = "$(BUILT_PRODUCTS_DIR)/ScrollView_SwiftUI.app/ScrollView_SwiftUI";
			};
			name = Release;
		};
		A84742A62A5EC4B800B1F601 /* Debug */ = {
			isa = XCBuildConfiguration;
			buildSettings = {
				ALWAYS_EMBED_SWIFT_STANDARD_LIBRARIES = YES;
				CODE_SIGN_STYLE = Automatic;
				CURRENT_PROJECT_VERSION = 1;
				GENERATE_INFOPLIST_FILE = YES;
				MARKETING_VERSION = 1.0;
				PRODUCT_BUNDLE_IDENTIFIER = "com.nvnt.tvt.ScrollView-SwiftUIUITests";
				PRODUCT_NAME = "$(TARGET_NAME)";
				SWIFT_EMIT_LOC_STRINGS = NO;
				SWIFT_VERSION = 5.0;
				TARGETED_DEVICE_FAMILY = "1,2";
				TEST_TARGET_NAME = ScrollView_SwiftUI;
			};
			name = Debug;
		};
		A84742A72A5EC4B800B1F601 /* Release */ = {
			isa = XCBuildConfiguration;
			buildSettings = {
				ALWAYS_EMBED_SWIFT_STANDARD_LIBRARIES = YES;
				CODE_SIGN_STYLE = Automatic;
				CURRENT_PROJECT_VERSION = 1;
				GENERATE_INFOPLIST_FILE = YES;
				MARKETING_VERSION = 1.0;
				PRODUCT_BUNDLE_IDENTIFIER = "com.nvnt.tvt.ScrollView-SwiftUIUITests";
				PRODUCT_NAME = "$(TARGET_NAME)";
				SWIFT_EMIT_LOC_STRINGS = NO;
				SWIFT_VERSION = 5.0;
				TARGETED_DEVICE_FAMILY = "1,2";
				TEST_TARGET_NAME = ScrollView_SwiftUI;
			};
			name = Release;
		};
/* End XCBuildConfiguration section */

/* Begin XCConfigurationList section */
		A84742762A5EC4B600B1F601 /* Build configuration list for PBXProject "ScrollView_SwiftUI" */ = {
			isa = XCConfigurationList;
			buildConfigurations = (
				A847429D2A5EC4B800B1F601 /* Debug */,
				A847429E2A5EC4B800B1F601 /* Release */,
			);
			defaultConfigurationIsVisible = 0;
			defaultConfigurationName = Release;
		};
		A847429F2A5EC4B800B1F601 /* Build configuration list for PBXNativeTarget "ScrollView_SwiftUI" */ = {
			isa = XCConfigurationList;
			buildConfigurations = (
				A84742A02A5EC4B800B1F601 /* Debug */,
				A84742A12A5EC4B800B1F601 /* Release */,
			);
			defaultConfigurationIsVisible = 0;
			defaultConfigurationName = Release;
		};
		A84742A22A5EC4B800B1F601 /* Build configuration list for PBXNativeTarget "ScrollView_SwiftUITests" */ = {
			isa = XCConfigurationList;
			buildConfigurations = (
				A84742A32A5EC4B800B1F601 /* Debug */,
				A84742A42A5EC4B800B1F601 /* Release */,
			);
			defaultConfigurationIsVisible = 0;
			defaultConfigurationName = Release;
		};
		A84742A52A5EC4B800B1F601 /* Build configuration list for PBXNativeTarget "ScrollView_SwiftUIUITests" */ = {
			isa = XCConfigurationList;
			buildConfigurations = (
				A84742A62A5EC4B800B1F601 /* Debug */,
				A84742A72A5EC4B800B1F601 /* Release */,
			);
			defaultConfigurationIsVisible = 0;
			defaultConfigurationName = Release;
		};
/* End XCConfigurationList section */
	};
	rootObject = A84742732A5EC4B600B1F601 /* Project object */;
}
