// !$*UTF8*$!
{
	archiveVersion = 1;
	classes = {
	};
	objectVersion = 55;
	objects = {

/* Begin PBXBuildFile section */
		A8359D492A87FF74001E4DBA /* PaypayApp.swift in Sources */ = {isa = PBXBuildFile; fileRef = A8359D482A87FF74001E4DBA /* PaypayApp.swift */; };
		A8359D4B2A87FF74001E4DBA /* ContentView.swift in Sources */ = {isa = PBXBuildFile; fileRef = A8359D4A2A87FF74001E4DBA /* ContentView.swift */; };
		A8359D4D2A87FF76001E4DBA /* Assets.xcassets in Resources */ = {isa = PBXBuildFile; fileRef = A8359D4C2A87FF76001E4DBA /* Assets.xcassets */; };
		A8359D502A87FF76001E4DBA /* Preview Assets.xcassets in Resources */ = {isa = PBXBuildFile; fileRef = A8359D4F2A87FF76001E4DBA /* Preview Assets.xcassets */; };
		A8359D5A2A87FF76001E4DBA /* PaypayTests.swift in Sources */ = {isa = PBXBuildFile; fileRef = A8359D592A87FF76001E4DBA /* PaypayTests.swift */; };
		A8359D642A87FF76001E4DBA /* PaypayUITests.swift in Sources */ = {isa = PBXBuildFile; fileRef = A8359D632A87FF76001E4DBA /* PaypayUITests.swift */; };
		A8359D662A87FF76001E4DBA /* PaypayUITestsLaunchTests.swift in Sources */ = {isa = PBXBuildFile; fileRef = A8359D652A87FF76001E4DBA /* PaypayUITestsLaunchTests.swift */; };
		A8359D772A87FFDD001E4DBA /* Date+Helper.swift in Sources */ = {isa = PBXBuildFile; fileRef = A8359D722A87FFDC001E4DBA /* Date+Helper.swift */; };
		A8359D782A87FFDD001E4DBA /* CurrencyViewVM.swift in Sources */ = {isa = PBXBuildFile; fileRef = A8359D732A87FFDC001E4DBA /* CurrencyViewVM.swift */; };
		A8359D792A87FFDD001E4DBA /* CurrencyResponse.swift in Sources */ = {isa = PBXBuildFile; fileRef = A8359D742A87FFDC001E4DBA /* CurrencyResponse.swift */; };
		A8359D7A2A87FFDD001E4DBA /* MainView.swift in Sources */ = {isa = PBXBuildFile; fileRef = A8359D752A87FFDC001E4DBA /* MainView.swift */; };
		A8359D7B2A87FFDD001E4DBA /* UserDefaultHelper.swift in Sources */ = {isa = PBXBuildFile; fileRef = A8359D762A87FFDC001E4DBA /* UserDefaultHelper.swift */; };
		A8359D7F2A880030001E4DBA /* currencies.json in Resources */ = {isa = PBXBuildFile; fileRef = A8359D7C2A880030001E4DBA /* currencies.json */; };
		A8359D802A880030001E4DBA /* latest.json in Resources */ = {isa = PBXBuildFile; fileRef = A8359D7D2A880030001E4DBA /* latest.json */; };
		A8359D812A880030001E4DBA /* MockCurrencyViewVM.swift in Sources */ = {isa = PBXBuildFile; fileRef = A8359D7E2A880030001E4DBA /* MockCurrencyViewVM.swift */; };
		A8359D822A880097001E4DBA /* CurrencyViewVM.swift in Sources */ = {isa = PBXBuildFile; fileRef = A8359D732A87FFDC001E4DBA /* CurrencyViewVM.swift */; };
		A8359D832A8800C0001E4DBA /* CurrencyResponse.swift in Sources */ = {isa = PBXBuildFile; fileRef = A8359D742A87FFDC001E4DBA /* CurrencyResponse.swift */; };
		A8359D842A8800C4001E4DBA /* Date+Helper.swift in Sources */ = {isa = PBXBuildFile; fileRef = A8359D722A87FFDC001E4DBA /* Date+Helper.swift */; };
		A8359D852A8800C9001E4DBA /* UserDefaultHelper.swift in Sources */ = {isa = PBXBuildFile; fileRef = A8359D762A87FFDC001E4DBA /* UserDefaultHelper.swift */; };
		A8359D862A8801A4001E4DBA /* currencies.json in Resources */ = {isa = PBXBuildFile; fileRef = A8359D7C2A880030001E4DBA /* currencies.json */; };
		A8359D872A8801A4001E4DBA /* latest.json in Resources */ = {isa = PBXBuildFile; fileRef = A8359D7D2A880030001E4DBA /* latest.json */; };
/* End PBXBuildFile section */

/* Begin PBXContainerItemProxy section */
		A8359D562A87FF76001E4DBA /* PBXContainerItemProxy */ = {
			isa = PBXContainerItemProxy;
			containerPortal = A8359D3D2A87FF74001E4DBA /* Project object */;
			proxyType = 1;
			remoteGlobalIDString = A8359D442A87FF74001E4DBA;
			remoteInfo = Paypay;
		};
		A8359D602A87FF76001E4DBA /* PBXContainerItemProxy */ = {
			isa = PBXContainerItemProxy;
			containerPortal = A8359D3D2A87FF74001E4DBA /* Project object */;
			proxyType = 1;
			remoteGlobalIDString = A8359D442A87FF74001E4DBA;
			remoteInfo = Paypay;
		};
/* End PBXContainerItemProxy section */

/* Begin PBXFileReference section */
		A8359D452A87FF74001E4DBA /* Paypay.app */ = {isa = PBXFileReference; explicitFileType = wrapper.application; includeInIndex = 0; path = Paypay.app; sourceTree = BUILT_PRODUCTS_DIR; };
		A8359D482A87FF74001E4DBA /* PaypayApp.swift */ = {isa = PBXFileReference; lastKnownFileType = sourcecode.swift; path = PaypayApp.swift; sourceTree = "<group>"; };
		A8359D4A2A87FF74001E4DBA /* ContentView.swift */ = {isa = PBXFileReference; lastKnownFileType = sourcecode.swift; path = ContentView.swift; sourceTree = "<group>"; };
		A8359D4C2A87FF76001E4DBA /* Assets.xcassets */ = {isa = PBXFileReference; lastKnownFileType = folder.assetcatalog; path = Assets.xcassets; sourceTree = "<group>"; };
		A8359D4F2A87FF76001E4DBA /* Preview Assets.xcassets */ = {isa = PBXFileReference; lastKnownFileType = folder.assetcatalog; path = "Preview Assets.xcassets"; sourceTree = "<group>"; };
		A8359D552A87FF76001E4DBA /* PaypayTests.xctest */ = {isa = PBXFileReference; explicitFileType = wrapper.cfbundle; includeInIndex = 0; path = PaypayTests.xctest; sourceTree = BUILT_PRODUCTS_DIR; };
		A8359D592A87FF76001E4DBA /* PaypayTests.swift */ = {isa = PBXFileReference; lastKnownFileType = sourcecode.swift; path = PaypayTests.swift; sourceTree = "<group>"; };
		A8359D5F2A87FF76001E4DBA /* PaypayUITests.xctest */ = {isa = PBXFileReference; explicitFileType = wrapper.cfbundle; includeInIndex = 0; path = PaypayUITests.xctest; sourceTree = BUILT_PRODUCTS_DIR; };
		A8359D632A87FF76001E4DBA /* PaypayUITests.swift */ = {isa = PBXFileReference; lastKnownFileType = sourcecode.swift; path = PaypayUITests.swift; sourceTree = "<group>"; };
		A8359D652A87FF76001E4DBA /* PaypayUITestsLaunchTests.swift */ = {isa = PBXFileReference; lastKnownFileType = sourcecode.swift; path = PaypayUITestsLaunchTests.swift; sourceTree = "<group>"; };
		A8359D722A87FFDC001E4DBA /* Date+Helper.swift */ = {isa = PBXFileReference; fileEncoding = 4; lastKnownFileType = sourcecode.swift; path = "Date+Helper.swift"; sourceTree = "<group>"; };
		A8359D732A87FFDC001E4DBA /* CurrencyViewVM.swift */ = {isa = PBXFileReference; fileEncoding = 4; lastKnownFileType = sourcecode.swift; path = CurrencyViewVM.swift; sourceTree = "<group>"; };
		A8359D742A87FFDC001E4DBA /* CurrencyResponse.swift */ = {isa = PBXFileReference; fileEncoding = 4; lastKnownFileType = sourcecode.swift; path = CurrencyResponse.swift; sourceTree = "<group>"; };
		A8359D752A87FFDC001E4DBA /* MainView.swift */ = {isa = PBXFileReference; fileEncoding = 4; lastKnownFileType = sourcecode.swift; path = MainView.swift; sourceTree = "<group>"; };
		A8359D762A87FFDC001E4DBA /* UserDefaultHelper.swift */ = {isa = PBXFileReference; fileEncoding = 4; lastKnownFileType = sourcecode.swift; path = UserDefaultHelper.swift; sourceTree = "<group>"; };
		A8359D7C2A880030001E4DBA /* currencies.json */ = {isa = PBXFileReference; fileEncoding = 4; lastKnownFileType = text.json; path = currencies.json; sourceTree = "<group>"; };
		A8359D7D2A880030001E4DBA /* latest.json */ = {isa = PBXFileReference; fileEncoding = 4; lastKnownFileType = text.json; path = latest.json; sourceTree = "<group>"; };
		A8359D7E2A880030001E4DBA /* MockCurrencyViewVM.swift */ = {isa = PBXFileReference; fileEncoding = 4; lastKnownFileType = sourcecode.swift; path = MockCurrencyViewVM.swift; sourceTree = "<group>"; };
/* End PBXFileReference section */

/* Begin PBXFrameworksBuildPhase section */
		A8359D422A87FF74001E4DBA /* Frameworks */ = {
			isa = PBXFrameworksBuildPhase;
			buildActionMask = 2147483647;
			files = (
			);
			runOnlyForDeploymentPostprocessing = 0;
		};
		A8359D522A87FF76001E4DBA /* Frameworks */ = {
			isa = PBXFrameworksBuildPhase;
			buildActionMask = 2147483647;
			files = (
			);
			runOnlyForDeploymentPostprocessing = 0;
		};
		A8359D5C2A87FF76001E4DBA /* Frameworks */ = {
			isa = PBXFrameworksBuildPhase;
			buildActionMask = 2147483647;
			files = (
			);
			runOnlyForDeploymentPostprocessing = 0;
		};
/* End PBXFrameworksBuildPhase section */

/* Begin PBXGroup section */
		A8359D3C2A87FF74001E4DBA = {
			isa = PBXGroup;
			children = (
				A8359D472A87FF74001E4DBA /* Paypay */,
				A8359D582A87FF76001E4DBA /* PaypayTests */,
				A8359D622A87FF76001E4DBA /* PaypayUITests */,
				A8359D462A87FF74001E4DBA /* Products */,
			);
			sourceTree = "<group>";
		};
		A8359D462A87FF74001E4DBA /* Products */ = {
			isa = PBXGroup;
			children = (
				A8359D452A87FF74001E4DBA /* Paypay.app */,
				A8359D552A87FF76001E4DBA /* PaypayTests.xctest */,
				A8359D5F2A87FF76001E4DBA /* PaypayUITests.xctest */,
			);
			name = Products;
			sourceTree = "<group>";
		};
		A8359D472A87FF74001E4DBA /* Paypay */ = {
			isa = PBXGroup;
			children = (
				A8359D742A87FFDC001E4DBA /* CurrencyResponse.swift */,
				A8359D732A87FFDC001E4DBA /* CurrencyViewVM.swift */,
				A8359D722A87FFDC001E4DBA /* Date+Helper.swift */,
				A8359D752A87FFDC001E4DBA /* MainView.swift */,
				A8359D762A87FFDC001E4DBA /* UserDefaultHelper.swift */,
				A8359D482A87FF74001E4DBA /* PaypayApp.swift */,
				A8359D4A2A87FF74001E4DBA /* ContentView.swift */,
				A8359D4C2A87FF76001E4DBA /* Assets.xcassets */,
				A8359D4E2A87FF76001E4DBA /* Preview Content */,
			);
			path = Paypay;
			sourceTree = "<group>";
		};
		A8359D4E2A87FF76001E4DBA /* Preview Content */ = {
			isa = PBXGroup;
			children = (
				A8359D4F2A87FF76001E4DBA /* Preview Assets.xcassets */,
			);
			path = "Preview Content";
			sourceTree = "<group>";
		};
		A8359D582A87FF76001E4DBA /* PaypayTests */ = {
			isa = PBXGroup;
			children = (
				A8359D7C2A880030001E4DBA /* currencies.json */,
				A8359D7D2A880030001E4DBA /* latest.json */,
				A8359D7E2A880030001E4DBA /* MockCurrencyViewVM.swift */,
				A8359D592A87FF76001E4DBA /* PaypayTests.swift */,
			);
			path = PaypayTests;
			sourceTree = "<group>";
		};
		A8359D622A87FF76001E4DBA /* PaypayUITests */ = {
			isa = PBXGroup;
			children = (
				A8359D632A87FF76001E4DBA /* PaypayUITests.swift */,
				A8359D652A87FF76001E4DBA /* PaypayUITestsLaunchTests.swift */,
			);
			path = PaypayUITests;
			sourceTree = "<group>";
		};
/* End PBXGroup section */

/* Begin PBXNativeTarget section */
		A8359D442A87FF74001E4DBA /* Paypay */ = {
			isa = PBXNativeTarget;
			buildConfigurationList = A8359D692A87FF76001E4DBA /* Build configuration list for PBXNativeTarget "Paypay" */;
			buildPhases = (
				A8359D412A87FF74001E4DBA /* Sources */,
				A8359D422A87FF74001E4DBA /* Frameworks */,
				A8359D432A87FF74001E4DBA /* Resources */,
			);
			buildRules = (
			);
			dependencies = (
			);
			name = Paypay;
			productName = Paypay;
			productReference = A8359D452A87FF74001E4DBA /* Paypay.app */;
			productType = "com.apple.product-type.application";
		};
		A8359D542A87FF76001E4DBA /* PaypayTests */ = {
			isa = PBXNativeTarget;
			buildConfigurationList = A8359D6C2A87FF76001E4DBA /* Build configuration list for PBXNativeTarget "PaypayTests" */;
			buildPhases = (
				A8359D512A87FF76001E4DBA /* Sources */,
				A8359D522A87FF76001E4DBA /* Frameworks */,
				A8359D532A87FF76001E4DBA /* Resources */,
			);
			buildRules = (
			);
			dependencies = (
				A8359D572A87FF76001E4DBA /* PBXTargetDependency */,
			);
			name = PaypayTests;
			productName = PaypayTests;
			productReference = A8359D552A87FF76001E4DBA /* PaypayTests.xctest */;
			productType = "com.apple.product-type.bundle.unit-test";
		};
		A8359D5E2A87FF76001E4DBA /* PaypayUITests */ = {
			isa = PBXNativeTarget;
			buildConfigurationList = A8359D6F2A87FF76001E4DBA /* Build configuration list for PBXNativeTarget "PaypayUITests" */;
			buildPhases = (
				A8359D5B2A87FF76001E4DBA /* Sources */,
				A8359D5C2A87FF76001E4DBA /* Frameworks */,
				A8359D5D2A87FF76001E4DBA /* Resources */,
			);
			buildRules = (
			);
			dependencies = (
				A8359D612A87FF76001E4DBA /* PBXTargetDependency */,
			);
			name = PaypayUITests;
			productName = PaypayUITests;
			productReference = A8359D5F2A87FF76001E4DBA /* PaypayUITests.xctest */;
			productType = "com.apple.product-type.bundle.ui-testing";
		};
/* End PBXNativeTarget section */

/* Begin PBXProject section */
		A8359D3D2A87FF74001E4DBA /* Project object */ = {
			isa = PBXProject;
			attributes = {
				BuildIndependentTargetsInParallel = 1;
				LastSwiftUpdateCheck = 1320;
				LastUpgradeCheck = 1320;
				TargetAttributes = {
					A8359D442A87FF74001E4DBA = {
						CreatedOnToolsVersion = 13.2.1;
					};
					A8359D542A87FF76001E4DBA = {
						CreatedOnToolsVersion = 13.2.1;
						TestTargetID = A8359D442A87FF74001E4DBA;
					};
					A8359D5E2A87FF76001E4DBA = {
						CreatedOnToolsVersion = 13.2.1;
						TestTargetID = A8359D442A87FF74001E4DBA;
					};
				};
			};
			buildConfigurationList = A8359D402A87FF74001E4DBA /* Build configuration list for PBXProject "Paypay" */;
			compatibilityVersion = "Xcode 13.0";
			developmentRegion = en;
			hasScannedForEncodings = 0;
			knownRegions = (
				en,
				Base,
			);
			mainGroup = A8359D3C2A87FF74001E4DBA;
			productRefGroup = A8359D462A87FF74001E4DBA /* Products */;
			projectDirPath = "";
			projectRoot = "";
			targets = (
				A8359D442A87FF74001E4DBA /* Paypay */,
				A8359D542A87FF76001E4DBA /* PaypayTests */,
				A8359D5E2A87FF76001E4DBA /* PaypayUITests */,
			);
		};
/* End PBXProject section */

/* Begin PBXResourcesBuildPhase section */
		A8359D432A87FF74001E4DBA /* Resources */ = {
			isa = PBXResourcesBuildPhase;
			buildActionMask = 2147483647;
			files = (
				A8359D872A8801A4001E4DBA /* latest.json in Resources */,
				A8359D502A87FF76001E4DBA /* Preview Assets.xcassets in Resources */,
				A8359D4D2A87FF76001E4DBA /* Assets.xcassets in Resources */,
				A8359D862A8801A4001E4DBA /* currencies.json in Resources */,
			);
			runOnlyForDeploymentPostprocessing = 0;
		};
		A8359D532A87FF76001E4DBA /* Resources */ = {
			isa = PBXResourcesBuildPhase;
			buildActionMask = 2147483647;
			files = (
				A8359D802A880030001E4DBA /* latest.json in Resources */,
				A8359D7F2A880030001E4DBA /* currencies.json in Resources */,
			);
			runOnlyForDeploymentPostprocessing = 0;
		};
		A8359D5D2A87FF76001E4DBA /* Resources */ = {
			isa = PBXResourcesBuildPhase;
			buildActionMask = 2147483647;
			files = (
			);
			runOnlyForDeploymentPostprocessing = 0;
		};
/* End PBXResourcesBuildPhase section */

/* Begin PBXSourcesBuildPhase section */
		A8359D412A87FF74001E4DBA /* Sources */ = {
			isa = PBXSourcesBuildPhase;
			buildActionMask = 2147483647;
			files = (
				A8359D782A87FFDD001E4DBA /* CurrencyViewVM.swift in Sources */,
				A8359D7A2A87FFDD001E4DBA /* MainView.swift in Sources */,
				A8359D7B2A87FFDD001E4DBA /* UserDefaultHelper.swift in Sources */,
				A8359D4B2A87FF74001E4DBA /* ContentView.swift in Sources */,
				A8359D492A87FF74001E4DBA /* PaypayApp.swift in Sources */,
				A8359D792A87FFDD001E4DBA /* CurrencyResponse.swift in Sources */,
				A8359D772A87FFDD001E4DBA /* Date+Helper.swift in Sources */,
			);
			runOnlyForDeploymentPostprocessing = 0;
		};
		A8359D512A87FF76001E4DBA /* Sources */ = {
			isa = PBXSourcesBuildPhase;
			buildActionMask = 2147483647;
			files = (
				A8359D812A880030001E4DBA /* MockCurrencyViewVM.swift in Sources */,
				A8359D822A880097001E4DBA /* CurrencyViewVM.swift in Sources */,
				A8359D5A2A87FF76001E4DBA /* PaypayTests.swift in Sources */,
				A8359D842A8800C4001E4DBA /* Date+Helper.swift in Sources */,
				A8359D852A8800C9001E4DBA /* UserDefaultHelper.swift in Sources */,
				A8359D832A8800C0001E4DBA /* CurrencyResponse.swift in Sources */,
			);
			runOnlyForDeploymentPostprocessing = 0;
		};
		A8359D5B2A87FF76001E4DBA /* Sources */ = {
			isa = PBXSourcesBuildPhase;
			buildActionMask = 2147483647;
			files = (
				A8359D662A87FF76001E4DBA /* PaypayUITestsLaunchTests.swift in Sources */,
				A8359D642A87FF76001E4DBA /* PaypayUITests.swift in Sources */,
			);
			runOnlyForDeploymentPostprocessing = 0;
		};
/* End PBXSourcesBuildPhase section */

/* Begin PBXTargetDependency section */
		A8359D572A87FF76001E4DBA /* PBXTargetDependency */ = {
			isa = PBXTargetDependency;
			target = A8359D442A87FF74001E4DBA /* Paypay */;
			targetProxy = A8359D562A87FF76001E4DBA /* PBXContainerItemProxy */;
		};
		A8359D612A87FF76001E4DBA /* PBXTargetDependency */ = {
			isa = PBXTargetDependency;
			target = A8359D442A87FF74001E4DBA /* Paypay */;
			targetProxy = A8359D602A87FF76001E4DBA /* PBXContainerItemProxy */;
		};
/* End PBXTargetDependency section */

/* Begin XCBuildConfiguration section */
		A8359D672A87FF76001E4DBA /* Debug */ = {
			isa = XCBuildConfiguration;
			buildSettings = {
				ALWAYS_SEARCH_USER_PATHS = NO;
				CLANG_ANALYZER_NONNULL = YES;
				CLANG_ANALYZER_NUMBER_OBJECT_CONVERSION = YES_AGGRESSIVE;
				CLANG_CXX_LANGUAGE_STANDARD = "gnu++17";
				CLANG_CXX_LIBRARY = "libc++";
				CLANG_ENABLE_MODULES = YES;
				CLANG_ENABLE_OBJC_ARC = YES;
				CLANG_ENABLE_OBJC_WEAK = YES;
				CLANG_WARN_BLOCK_CAPTURE_AUTORELEASING = YES;
				CLANG_WARN_BOOL_CONVERSION = YES;
				CLANG_WARN_COMMA = YES;
				CLANG_WARN_CONSTANT_CONVERSION = YES;
				CLANG_WARN_DEPRECATED_OBJC_IMPLEMENTATIONS = YES;
				CLANG_WARN_DIRECT_OBJC_ISA_USAGE = YES_ERROR;
				CLANG_WARN_DOCUMENTATION_COMMENTS = YES;
				CLANG_WARN_EMPTY_BODY = YES;
				CLANG_WARN_ENUM_CONVERSION = YES;
				CLANG_WARN_INFINITE_RECURSION = YES;
				CLANG_WARN_INT_CONVERSION = YES;
				CLANG_WARN_NON_LITERAL_NULL_CONVERSION = YES;
				CLANG_WARN_OBJC_IMPLICIT_RETAIN_SELF = YES;
				CLANG_WARN_OBJC_LITERAL_CONVERSION = YES;
				CLANG_WARN_OBJC_ROOT_CLASS = YES_ERROR;
				CLANG_WARN_QUOTED_INCLUDE_IN_FRAMEWORK_HEADER = YES;
				CLANG_WARN_RANGE_LOOP_ANALYSIS = YES;
				CLANG_WARN_STRICT_PROTOTYPES = YES;
				CLANG_WARN_SUSPICIOUS_MOVE = YES;
				CLANG_WARN_UNGUARDED_AVAILABILITY = YES_AGGRESSIVE;
				CLANG_WARN_UNREACHABLE_CODE = YES;
				CLANG_WARN__DUPLICATE_METHOD_MATCH = YES;
				COPY_PHASE_STRIP = NO;
				DEBUG_INFORMATION_FORMAT = dwarf;
				ENABLE_STRICT_OBJC_MSGSEND = YES;
				ENABLE_TESTABILITY = YES;
				GCC_C_LANGUAGE_STANDARD = gnu11;
				GCC_DYNAMIC_NO_PIC = NO;
				GCC_NO_COMMON_BLOCKS = YES;
				GCC_OPTIMIZATION_LEVEL = 0;
				GCC_PREPROCESSOR_DEFINITIONS = (
					"DEBUG=1",
					"$(inherited)",
				);
				GCC_WARN_64_TO_32_BIT_CONVERSION = YES;
				GCC_WARN_ABOUT_RETURN_TYPE = YES_ERROR;
				GCC_WARN_UNDECLARED_SELECTOR = YES;
				GCC_WARN_UNINITIALIZED_AUTOS = YES_AGGRESSIVE;
				GCC_WARN_UNUSED_FUNCTION = YES;
				GCC_WARN_UNUSED_VARIABLE = YES;
				IPHONEOS_DEPLOYMENT_TARGET = 15.2;
				MTL_ENABLE_DEBUG_INFO = INCLUDE_SOURCE;
				MTL_FAST_MATH = YES;
				ONLY_ACTIVE_ARCH = YES;
				SDKROOT = iphoneos;
				SWIFT_ACTIVE_COMPILATION_CONDITIONS = DEBUG;
				SWIFT_OPTIMIZATION_LEVEL = "-Onone";
			};
			name = Debug;
		};
		A8359D682A87FF76001E4DBA /* Release */ = {
			isa = XCBuildConfiguration;
			buildSettings = {
				ALWAYS_SEARCH_USER_PATHS = NO;
				CLANG_ANALYZER_NONNULL = YES;
				CLANG_ANALYZER_NUMBER_OBJECT_CONVERSION = YES_AGGRESSIVE;
				CLANG_CXX_LANGUAGE_STANDARD = "gnu++17";
				CLANG_CXX_LIBRARY = "libc++";
				CLANG_ENABLE_MODULES = YES;
				CLANG_ENABLE_OBJC_ARC = YES;
				CLANG_ENABLE_OBJC_WEAK = YES;
				CLANG_WARN_BLOCK_CAPTURE_AUTORELEASING = YES;
				CLANG_WARN_BOOL_CONVERSION = YES;
				CLANG_WARN_COMMA = YES;
				CLANG_WARN_CONSTANT_CONVERSION = YES;
				CLANG_WARN_DEPRECATED_OBJC_IMPLEMENTATIONS = YES;
				CLANG_WARN_DIRECT_OBJC_ISA_USAGE = YES_ERROR;
				CLANG_WARN_DOCUMENTATION_COMMENTS = YES;
				CLANG_WARN_EMPTY_BODY = YES;
				CLANG_WARN_ENUM_CONVERSION = YES;
				CLANG_WARN_INFINITE_RECURSION = YES;
				CLANG_WARN_INT_CONVERSION = YES;
				CLANG_WARN_NON_LITERAL_NULL_CONVERSION = YES;
				CLANG_WARN_OBJC_IMPLICIT_RETAIN_SELF = YES;
				CLANG_WARN_OBJC_LITERAL_CONVERSION = YES;
				CLANG_WARN_OBJC_ROOT_CLASS = YES_ERROR;
				CLANG_WARN_QUOTED_INCLUDE_IN_FRAMEWORK_HEADER = YES;
				CLANG_WARN_RANGE_LOOP_ANALYSIS = YES;
				CLANG_WARN_STRICT_PROTOTYPES = YES;
				CLANG_WARN_SUSPICIOUS_MOVE = YES;
				CLANG_WARN_UNGUARDED_AVAILABILITY = YES_AGGRESSIVE;
				CLANG_WARN_UNREACHABLE_CODE = YES;
				CLANG_WARN__DUPLICATE_METHOD_MATCH = YES;
				COPY_PHASE_STRIP = NO;
				DEBUG_INFORMATION_FORMAT = "dwarf-with-dsym";
				ENABLE_NS_ASSERTIONS = NO;
				ENABLE_STRICT_OBJC_MSGSEND = YES;
				GCC_C_LANGUAGE_STANDARD = gnu11;
				GCC_NO_COMMON_BLOCKS = YES;
				GCC_WARN_64_TO_32_BIT_CONVERSION = YES;
				GCC_WARN_ABOUT_RETURN_TYPE = YES_ERROR;
				GCC_WARN_UNDECLARED_SELECTOR = YES;
				GCC_WARN_UNINITIALIZED_AUTOS = YES_AGGRESSIVE;
				GCC_WARN_UNUSED_FUNCTION = YES;
				GCC_WARN_UNUSED_VARIABLE = YES;
				IPHONEOS_DEPLOYMENT_TARGET = 15.2;
				MTL_ENABLE_DEBUG_INFO = NO;
				MTL_FAST_MATH = YES;
				SDKROOT = iphoneos;
				SWIFT_COMPILATION_MODE = wholemodule;
				SWIFT_OPTIMIZATION_LEVEL = "-O";
				VALIDATE_PRODUCT = YES;
			};
			name = Release;
		};
		A8359D6A2A87FF76001E4DBA /* Debug */ = {
			isa = XCBuildConfiguration;
			buildSettings = {
				ASSETCATALOG_COMPILER_APPICON_NAME = AppIcon;
				ASSETCATALOG_COMPILER_GLOBAL_ACCENT_COLOR_NAME = AccentColor;
				CODE_SIGN_STYLE = Automatic;
				CURRENT_PROJECT_VERSION = 1;
				DEVELOPMENT_ASSET_PATHS = "\"Paypay/Preview Content\"";
				ENABLE_PREVIEWS = YES;
				GENERATE_INFOPLIST_FILE = YES;
				INFOPLIST_KEY_UIApplicationSceneManifest_Generation = YES;
				INFOPLIST_KEY_UIApplicationSupportsIndirectInputEvents = YES;
				INFOPLIST_KEY_UILaunchScreen_Generation = YES;
				INFOPLIST_KEY_UISupportedInterfaceOrientations_iPad = "UIInterfaceOrientationPortrait UIInterfaceOrientationPortraitUpsideDown UIInterfaceOrientationLandscapeLeft UIInterfaceOrientationLandscapeRight";
				INFOPLIST_KEY_UISupportedInterfaceOrientations_iPhone = "UIInterfaceOrientationPortrait UIInterfaceOrientationLandscapeLeft UIInterfaceOrientationLandscapeRight";
				LD_RUNPATH_SEARCH_PATHS = (
					"$(inherited)",
					"@executable_path/Frameworks",
				);
				MARKETING_VERSION = 1.0;
				PRODUCT_BUNDLE_IDENTIFIER = com.nvnt.tvt.Paypay;
				PRODUCT_NAME = "$(TARGET_NAME)";
				SWIFT_EMIT_LOC_STRINGS = YES;
				SWIFT_VERSION = 5.0;
				TARGETED_DEVICE_FAMILY = "1,2";
			};
			name = Debug;
		};
		A8359D6B2A87FF76001E4DBA /* Release */ = {
			isa = XCBuildConfiguration;
			buildSettings = {
				ASSETCATALOG_COMPILER_APPICON_NAME = AppIcon;
				ASSETCATALOG_COMPILER_GLOBAL_ACCENT_COLOR_NAME = AccentColor;
				CODE_SIGN_STYLE = Automatic;
				CURRENT_PROJECT_VERSION = 1;
				DEVELOPMENT_ASSET_PATHS = "\"Paypay/Preview Content\"";
				ENABLE_PREVIEWS = YES;
				GENERATE_INFOPLIST_FILE = YES;
				INFOPLIST_KEY_UIApplicationSceneManifest_Generation = YES;
				INFOPLIST_KEY_UIApplicationSupportsIndirectInputEvents = YES;
				INFOPLIST_KEY_UILaunchScreen_Generation = YES;
				INFOPLIST_KEY_UISupportedInterfaceOrientations_iPad = "UIInterfaceOrientationPortrait UIInterfaceOrientationPortraitUpsideDown UIInterfaceOrientationLandscapeLeft UIInterfaceOrientationLandscapeRight";
				INFOPLIST_KEY_UISupportedInterfaceOrientations_iPhone = "UIInterfaceOrientationPortrait UIInterfaceOrientationLandscapeLeft UIInterfaceOrientationLandscapeRight";
				LD_RUNPATH_SEARCH_PATHS = (
					"$(inherited)",
					"@executable_path/Frameworks",
				);
				MARKETING_VERSION = 1.0;
				PRODUCT_BUNDLE_IDENTIFIER = com.nvnt.tvt.Paypay;
				PRODUCT_NAME = "$(TARGET_NAME)";
				SWIFT_EMIT_LOC_STRINGS = YES;
				SWIFT_VERSION = 5.0;
				TARGETED_DEVICE_FAMILY = "1,2";
			};
			name = Release;
		};
		A8359D6D2A87FF76001E4DBA /* Debug */ = {
			isa = XCBuildConfiguration;
			buildSettings = {
				ALWAYS_EMBED_SWIFT_STANDARD_LIBRARIES = YES;
				BUNDLE_LOADER = "$(TEST_HOST)";
				CODE_SIGN_STYLE = Automatic;
				CURRENT_PROJECT_VERSION = 1;
				GENERATE_INFOPLIST_FILE = YES;
				IPHONEOS_DEPLOYMENT_TARGET = 15.2;
				MARKETING_VERSION = 1.0;
				PRODUCT_BUNDLE_IDENTIFIER = com.nvnt.tvt.PaypayTests;
				PRODUCT_NAME = "$(TARGET_NAME)";
				SWIFT_EMIT_LOC_STRINGS = NO;
				SWIFT_VERSION = 5.0;
				TARGETED_DEVICE_FAMILY = "1,2";
				TEST_HOST = "$(BUILT_PRODUCTS_DIR)/Paypay.app/Paypay";
			};
			name = Debug;
		};
		A8359D6E2A87FF76001E4DBA /* Release */ = {
			isa = XCBuildConfiguration;
			buildSettings = {
				ALWAYS_EMBED_SWIFT_STANDARD_LIBRARIES = YES;
				BUNDLE_LOADER = "$(TEST_HOST)";
				CODE_SIGN_STYLE = Automatic;
				CURRENT_PROJECT_VERSION = 1;
				GENERATE_INFOPLIST_FILE = YES;
				IPHONEOS_DEPLOYMENT_TARGET = 15.2;
				MARKETING_VERSION = 1.0;
				PRODUCT_BUNDLE_IDENTIFIER = com.nvnt.tvt.PaypayTests;
				PRODUCT_NAME = "$(TARGET_NAME)";
				SWIFT_EMIT_LOC_STRINGS = NO;
				SWIFT_VERSION = 5.0;
				TARGETED_DEVICE_FAMILY = "1,2";
				TEST_HOST = "$(BUILT_PRODUCTS_DIR)/Paypay.app/Paypay";
			};
			name = Release;
		};
		A8359D702A87FF76001E4DBA /* Debug */ = {
			isa = XCBuildConfiguration;
			buildSettings = {
				ALWAYS_EMBED_SWIFT_STANDARD_LIBRARIES = YES;
				CODE_SIGN_STYLE = Automatic;
				CURRENT_PROJECT_VERSION = 1;
				GENERATE_INFOPLIST_FILE = YES;
				MARKETING_VERSION = 1.0;
				PRODUCT_BUNDLE_IDENTIFIER = com.nvnt.tvt.PaypayUITests;
				PRODUCT_NAME = "$(TARGET_NAME)";
				SWIFT_EMIT_LOC_STRINGS = NO;
				SWIFT_VERSION = 5.0;
				TARGETED_DEVICE_FAMILY = "1,2";
				TEST_TARGET_NAME = Paypay;
			};
			name = Debug;
		};
		A8359D712A87FF76001E4DBA /* Release */ = {
			isa = XCBuildConfiguration;
			buildSettings = {
				ALWAYS_EMBED_SWIFT_STANDARD_LIBRARIES = YES;
				CODE_SIGN_STYLE = Automatic;
				CURRENT_PROJECT_VERSION = 1;
				GENERATE_INFOPLIST_FILE = YES;
				MARKETING_VERSION = 1.0;
				PRODUCT_BUNDLE_IDENTIFIER = com.nvnt.tvt.PaypayUITests;
				PRODUCT_NAME = "$(TARGET_NAME)";
				SWIFT_EMIT_LOC_STRINGS = NO;
				SWIFT_VERSION = 5.0;
				TARGETED_DEVICE_FAMILY = "1,2";
				TEST_TARGET_NAME = Paypay;
			};
			name = Release;
		};
/* End XCBuildConfiguration section */

/* Begin XCConfigurationList section */
		A8359D402A87FF74001E4DBA /* Build configuration list for PBXProject "Paypay" */ = {
			isa = XCConfigurationList;
			buildConfigurations = (
				A8359D672A87FF76001E4DBA /* Debug */,
				A8359D682A87FF76001E4DBA /* Release */,
			);
			defaultConfigurationIsVisible = 0;
			defaultConfigurationName = Release;
		};
		A8359D692A87FF76001E4DBA /* Build configuration list for PBXNativeTarget "Paypay" */ = {
			isa = XCConfigurationList;
			buildConfigurations = (
				A8359D6A2A87FF76001E4DBA /* Debug */,
				A8359D6B2A87FF76001E4DBA /* Release */,
			);
			defaultConfigurationIsVisible = 0;
			defaultConfigurationName = Release;
		};
		A8359D6C2A87FF76001E4DBA /* Build configuration list for PBXNativeTarget "PaypayTests" */ = {
			isa = XCConfigurationList;
			buildConfigurations = (
				A8359D6D2A87FF76001E4DBA /* Debug */,
				A8359D6E2A87FF76001E4DBA /* Release */,
			);
			defaultConfigurationIsVisible = 0;
			defaultConfigurationName = Release;
		};
		A8359D6F2A87FF76001E4DBA /* Build configuration list for PBXNativeTarget "PaypayUITests" */ = {
			isa = XCConfigurationList;
			buildConfigurations = (
				A8359D702A87FF76001E4DBA /* Debug */,
				A8359D712A87FF76001E4DBA /* Release */,
			);
			defaultConfigurationIsVisible = 0;
			defaultConfigurationName = Release;
		};
/* End XCConfigurationList section */
	};
	rootObject = A8359D3D2A87FF74001E4DBA /* Project object */;
}
