// !$*UTF8*$!
{
	archiveVersion = 1;
	classes = {
	};
	objectVersion = 55;
	objects = {

/* Begin PBXBuildFile section */
		A8DF4E592A6F6D0D00BD44BE /* Toolbar_SwiftUIApp.swift in Sources */ = {isa = PBXBuildFile; fileRef = A8DF4E582A6F6D0D00BD44BE /* Toolbar_SwiftUIApp.swift */; };
		A8DF4E5B2A6F6D0D00BD44BE /* ContentView.swift in Sources */ = {isa = PBXBuildFile; fileRef = A8DF4E5A2A6F6D0D00BD44BE /* ContentView.swift */; };
		A8DF4E5D2A6F6D1000BD44BE /* Assets.xcassets in Resources */ = {isa = PBXBuildFile; fileRef = A8DF4E5C2A6F6D1000BD44BE /* Assets.xcassets */; };
		A8DF4E602A6F6D1000BD44BE /* Preview Assets.xcassets in Resources */ = {isa = PBXBuildFile; fileRef = A8DF4E5F2A6F6D1000BD44BE /* Preview Assets.xcassets */; };
		A8DF4E6A2A6F6D1100BD44BE /* Toolbar_SwiftUITests.swift in Sources */ = {isa = PBXBuildFile; fileRef = A8DF4E692A6F6D1100BD44BE /* Toolbar_SwiftUITests.swift */; };
		A8DF4E742A6F6D1100BD44BE /* Toolbar_SwiftUIUITests.swift in Sources */ = {isa = PBXBuildFile; fileRef = A8DF4E732A6F6D1100BD44BE /* Toolbar_SwiftUIUITests.swift */; };
		A8DF4E762A6F6D1100BD44BE /* Toolbar_SwiftUIUITestsLaunchTests.swift in Sources */ = {isa = PBXBuildFile; fileRef = A8DF4E752A6F6D1100BD44BE /* Toolbar_SwiftUIUITestsLaunchTests.swift */; };
		A8DF4E862A6F6EA100BD44BE /* DetailView.swift in Sources */ = {isa = PBXBuildFile; fileRef = A8DF4E852A6F6EA100BD44BE /* DetailView.swift */; };
		A8DF4E882A6F6EB000BD44BE /* KeyboardView.swift in Sources */ = {isa = PBXBuildFile; fileRef = A8DF4E872A6F6EB000BD44BE /* KeyboardView.swift */; };
/* End PBXBuildFile section */

/* Begin PBXContainerItemProxy section */
		A8DF4E662A6F6D1100BD44BE /* PBXContainerItemProxy */ = {
			isa = PBXContainerItemProxy;
			containerPortal = A8DF4E4D2A6F6D0D00BD44BE /* Project object */;
			proxyType = 1;
			remoteGlobalIDString = A8DF4E542A6F6D0D00BD44BE;
			remoteInfo = Toolbar_SwiftUI;
		};
		A8DF4E702A6F6D1100BD44BE /* PBXContainerItemProxy */ = {
			isa = PBXContainerItemProxy;
			containerPortal = A8DF4E4D2A6F6D0D00BD44BE /* Project object */;
			proxyType = 1;
			remoteGlobalIDString = A8DF4E542A6F6D0D00BD44BE;
			remoteInfo = Toolbar_SwiftUI;
		};
/* End PBXContainerItemProxy section */

/* Begin PBXFileReference section */
		A8DF4E552A6F6D0D00BD44BE /* Toolbar_SwiftUI.app */ = {isa = PBXFileReference; explicitFileType = wrapper.application; includeInIndex = 0; path = Toolbar_SwiftUI.app; sourceTree = BUILT_PRODUCTS_DIR; };
		A8DF4E582A6F6D0D00BD44BE /* Toolbar_SwiftUIApp.swift */ = {isa = PBXFileReference; lastKnownFileType = sourcecode.swift; path = Toolbar_SwiftUIApp.swift; sourceTree = "<group>"; };
		A8DF4E5A2A6F6D0D00BD44BE /* ContentView.swift */ = {isa = PBXFileReference; lastKnownFileType = sourcecode.swift; path = ContentView.swift; sourceTree = "<group>"; };
		A8DF4E5C2A6F6D1000BD44BE /* Assets.xcassets */ = {isa = PBXFileReference; lastKnownFileType = folder.assetcatalog; path = Assets.xcassets; sourceTree = "<group>"; };
		A8DF4E5F2A6F6D1000BD44BE /* Preview Assets.xcassets */ = {isa = PBXFileReference; lastKnownFileType = folder.assetcatalog; path = "Preview Assets.xcassets"; sourceTree = "<group>"; };
		A8DF4E652A6F6D1100BD44BE /* Toolbar_SwiftUITests.xctest */ = {isa = PBXFileReference; explicitFileType = wrapper.cfbundle; includeInIndex = 0; path = Toolbar_SwiftUITests.xctest; sourceTree = BUILT_PRODUCTS_DIR; };
		A8DF4E692A6F6D1100BD44BE /* Toolbar_SwiftUITests.swift */ = {isa = PBXFileReference; lastKnownFileType = sourcecode.swift; path = Toolbar_SwiftUITests.swift; sourceTree = "<group>"; };
		A8DF4E6F2A6F6D1100BD44BE /* Toolbar_SwiftUIUITests.xctest */ = {isa = PBXFileReference; explicitFileType = wrapper.cfbundle; includeInIndex = 0; path = Toolbar_SwiftUIUITests.xctest; sourceTree = BUILT_PRODUCTS_DIR; };
		A8DF4E732A6F6D1100BD44BE /* Toolbar_SwiftUIUITests.swift */ = {isa = PBXFileReference; lastKnownFileType = sourcecode.swift; path = Toolbar_SwiftUIUITests.swift; sourceTree = "<group>"; };
		A8DF4E752A6F6D1100BD44BE /* Toolbar_SwiftUIUITestsLaunchTests.swift */ = {isa = PBXFileReference; lastKnownFileType = sourcecode.swift; path = Toolbar_SwiftUIUITestsLaunchTests.swift; sourceTree = "<group>"; };
		A8DF4E852A6F6EA100BD44BE /* DetailView.swift */ = {isa = PBXFileReference; lastKnownFileType = sourcecode.swift; path = DetailView.swift; sourceTree = "<group>"; };
		A8DF4E872A6F6EB000BD44BE /* KeyboardView.swift */ = {isa = PBXFileReference; lastKnownFileType = sourcecode.swift; path = KeyboardView.swift; sourceTree = "<group>"; };
/* End PBXFileReference section */

/* Begin PBXFrameworksBuildPhase section */
		A8DF4E522A6F6D0D00BD44BE /* Frameworks */ = {
			isa = PBXFrameworksBuildPhase;
			buildActionMask = 2147483647;
			files = (
			);
			runOnlyForDeploymentPostprocessing = 0;
		};
		A8DF4E622A6F6D1100BD44BE /* Frameworks */ = {
			isa = PBXFrameworksBuildPhase;
			buildActionMask = 2147483647;
			files = (
			);
			runOnlyForDeploymentPostprocessing = 0;
		};
		A8DF4E6C2A6F6D1100BD44BE /* Frameworks */ = {
			isa = PBXFrameworksBuildPhase;
			buildActionMask = 2147483647;
			files = (
			);
			runOnlyForDeploymentPostprocessing = 0;
		};
/* End PBXFrameworksBuildPhase section */

/* Begin PBXGroup section */
		A8DF4E4C2A6F6D0D00BD44BE = {
			isa = PBXGroup;
			children = (
				A8DF4E572A6F6D0D00BD44BE /* Toolbar_SwiftUI */,
				A8DF4E682A6F6D1100BD44BE /* Toolbar_SwiftUITests */,
				A8DF4E722A6F6D1100BD44BE /* Toolbar_SwiftUIUITests */,
				A8DF4E562A6F6D0D00BD44BE /* Products */,
			);
			sourceTree = "<group>";
		};
		A8DF4E562A6F6D0D00BD44BE /* Products */ = {
			isa = PBXGroup;
			children = (
				A8DF4E552A6F6D0D00BD44BE /* Toolbar_SwiftUI.app */,
				A8DF4E652A6F6D1100BD44BE /* Toolbar_SwiftUITests.xctest */,
				A8DF4E6F2A6F6D1100BD44BE /* Toolbar_SwiftUIUITests.xctest */,
			);
			name = Products;
			sourceTree = "<group>";
		};
		A8DF4E572A6F6D0D00BD44BE /* Toolbar_SwiftUI */ = {
			isa = PBXGroup;
			children = (
				A8DF4E842A6F6D4C00BD44BE /* ViewModels */,
				A8DF4E832A6F6D4500BD44BE /* Views */,
				A8DF4E822A6F6D3B00BD44BE /* Models */,
				A8DF4E582A6F6D0D00BD44BE /* Toolbar_SwiftUIApp.swift */,
				A8DF4E5C2A6F6D1000BD44BE /* Assets.xcassets */,
				A8DF4E5E2A6F6D1000BD44BE /* Preview Content */,
			);
			path = Toolbar_SwiftUI;
			sourceTree = "<group>";
		};
		A8DF4E5E2A6F6D1000BD44BE /* Preview Content */ = {
			isa = PBXGroup;
			children = (
				A8DF4E5F2A6F6D1000BD44BE /* Preview Assets.xcassets */,
			);
			path = "Preview Content";
			sourceTree = "<group>";
		};
		A8DF4E682A6F6D1100BD44BE /* Toolbar_SwiftUITests */ = {
			isa = PBXGroup;
			children = (
				A8DF4E692A6F6D1100BD44BE /* Toolbar_SwiftUITests.swift */,
			);
			path = Toolbar_SwiftUITests;
			sourceTree = "<group>";
		};
		A8DF4E722A6F6D1100BD44BE /* Toolbar_SwiftUIUITests */ = {
			isa = PBXGroup;
			children = (
				A8DF4E732A6F6D1100BD44BE /* Toolbar_SwiftUIUITests.swift */,
				A8DF4E752A6F6D1100BD44BE /* Toolbar_SwiftUIUITestsLaunchTests.swift */,
			);
			path = Toolbar_SwiftUIUITests;
			sourceTree = "<group>";
		};
		A8DF4E822A6F6D3B00BD44BE /* Models */ = {
			isa = PBXGroup;
			children = (
			);
			path = Models;
			sourceTree = "<group>";
		};
		A8DF4E832A6F6D4500BD44BE /* Views */ = {
			isa = PBXGroup;
			children = (
				A8DF4E5A2A6F6D0D00BD44BE /* ContentView.swift */,
				A8DF4E852A6F6EA100BD44BE /* DetailView.swift */,
				A8DF4E872A6F6EB000BD44BE /* KeyboardView.swift */,
			);
			path = Views;
			sourceTree = "<group>";
		};
		A8DF4E842A6F6D4C00BD44BE /* ViewModels */ = {
			isa = PBXGroup;
			children = (
			);
			path = ViewModels;
			sourceTree = "<group>";
		};
/* End PBXGroup section */

/* Begin PBXNativeTarget section */
		A8DF4E542A6F6D0D00BD44BE /* Toolbar_SwiftUI */ = {
			isa = PBXNativeTarget;
			buildConfigurationList = A8DF4E792A6F6D1100BD44BE /* Build configuration list for PBXNativeTarget "Toolbar_SwiftUI" */;
			buildPhases = (
				A8DF4E512A6F6D0D00BD44BE /* Sources */,
				A8DF4E522A6F6D0D00BD44BE /* Frameworks */,
				A8DF4E532A6F6D0D00BD44BE /* Resources */,
			);
			buildRules = (
			);
			dependencies = (
			);
			name = Toolbar_SwiftUI;
			productName = Toolbar_SwiftUI;
			productReference = A8DF4E552A6F6D0D00BD44BE /* Toolbar_SwiftUI.app */;
			productType = "com.apple.product-type.application";
		};
		A8DF4E642A6F6D1100BD44BE /* Toolbar_SwiftUITests */ = {
			isa = PBXNativeTarget;
			buildConfigurationList = A8DF4E7C2A6F6D1100BD44BE /* Build configuration list for PBXNativeTarget "Toolbar_SwiftUITests" */;
			buildPhases = (
				A8DF4E612A6F6D1100BD44BE /* Sources */,
				A8DF4E622A6F6D1100BD44BE /* Frameworks */,
				A8DF4E632A6F6D1100BD44BE /* Resources */,
			);
			buildRules = (
			);
			dependencies = (
				A8DF4E672A6F6D1100BD44BE /* PBXTargetDependency */,
			);
			name = Toolbar_SwiftUITests;
			productName = Toolbar_SwiftUITests;
			productReference = A8DF4E652A6F6D1100BD44BE /* Toolbar_SwiftUITests.xctest */;
			productType = "com.apple.product-type.bundle.unit-test";
		};
		A8DF4E6E2A6F6D1100BD44BE /* Toolbar_SwiftUIUITests */ = {
			isa = PBXNativeTarget;
			buildConfigurationList = A8DF4E7F2A6F6D1100BD44BE /* Build configuration list for PBXNativeTarget "Toolbar_SwiftUIUITests" */;
			buildPhases = (
				A8DF4E6B2A6F6D1100BD44BE /* Sources */,
				A8DF4E6C2A6F6D1100BD44BE /* Frameworks */,
				A8DF4E6D2A6F6D1100BD44BE /* Resources */,
			);
			buildRules = (
			);
			dependencies = (
				A8DF4E712A6F6D1100BD44BE /* PBXTargetDependency */,
			);
			name = Toolbar_SwiftUIUITests;
			productName = Toolbar_SwiftUIUITests;
			productReference = A8DF4E6F2A6F6D1100BD44BE /* Toolbar_SwiftUIUITests.xctest */;
			productType = "com.apple.product-type.bundle.ui-testing";
		};
/* End PBXNativeTarget section */

/* Begin PBXProject section */
		A8DF4E4D2A6F6D0D00BD44BE /* Project object */ = {
			isa = PBXProject;
			attributes = {
				BuildIndependentTargetsInParallel = 1;
				LastSwiftUpdateCheck = 1320;
				LastUpgradeCheck = 1320;
				TargetAttributes = {
					A8DF4E542A6F6D0D00BD44BE = {
						CreatedOnToolsVersion = 13.2.1;
					};
					A8DF4E642A6F6D1100BD44BE = {
						CreatedOnToolsVersion = 13.2.1;
						TestTargetID = A8DF4E542A6F6D0D00BD44BE;
					};
					A8DF4E6E2A6F6D1100BD44BE = {
						CreatedOnToolsVersion = 13.2.1;
						TestTargetID = A8DF4E542A6F6D0D00BD44BE;
					};
				};
			};
			buildConfigurationList = A8DF4E502A6F6D0D00BD44BE /* Build configuration list for PBXProject "Toolbar_SwiftUI" */;
			compatibilityVersion = "Xcode 13.0";
			developmentRegion = en;
			hasScannedForEncodings = 0;
			knownRegions = (
				en,
				Base,
			);
			mainGroup = A8DF4E4C2A6F6D0D00BD44BE;
			productRefGroup = A8DF4E562A6F6D0D00BD44BE /* Products */;
			projectDirPath = "";
			projectRoot = "";
			targets = (
				A8DF4E542A6F6D0D00BD44BE /* Toolbar_SwiftUI */,
				A8DF4E642A6F6D1100BD44BE /* Toolbar_SwiftUITests */,
				A8DF4E6E2A6F6D1100BD44BE /* Toolbar_SwiftUIUITests */,
			);
		};
/* End PBXProject section */

/* Begin PBXResourcesBuildPhase section */
		A8DF4E532A6F6D0D00BD44BE /* Resources */ = {
			isa = PBXResourcesBuildPhase;
			buildActionMask = 2147483647;
			files = (
				A8DF4E602A6F6D1000BD44BE /* Preview Assets.xcassets in Resources */,
				A8DF4E5D2A6F6D1000BD44BE /* Assets.xcassets in Resources */,
			);
			runOnlyForDeploymentPostprocessing = 0;
		};
		A8DF4E632A6F6D1100BD44BE /* Resources */ = {
			isa = PBXResourcesBuildPhase;
			buildActionMask = 2147483647;
			files = (
			);
			runOnlyForDeploymentPostprocessing = 0;
		};
		A8DF4E6D2A6F6D1100BD44BE /* Resources */ = {
			isa = PBXResourcesBuildPhase;
			buildActionMask = 2147483647;
			files = (
			);
			runOnlyForDeploymentPostprocessing = 0;
		};
/* End PBXResourcesBuildPhase section */

/* Begin PBXSourcesBuildPhase section */
		A8DF4E512A6F6D0D00BD44BE /* Sources */ = {
			isa = PBXSourcesBuildPhase;
			buildActionMask = 2147483647;
			files = (
				A8DF4E5B2A6F6D0D00BD44BE /* ContentView.swift in Sources */,
				A8DF4E882A6F6EB000BD44BE /* KeyboardView.swift in Sources */,
				A8DF4E862A6F6EA100BD44BE /* DetailView.swift in Sources */,
				A8DF4E592A6F6D0D00BD44BE /* Toolbar_SwiftUIApp.swift in Sources */,
			);
			runOnlyForDeploymentPostprocessing = 0;
		};
		A8DF4E612A6F6D1100BD44BE /* Sources */ = {
			isa = PBXSourcesBuildPhase;
			buildActionMask = 2147483647;
			files = (
				A8DF4E6A2A6F6D1100BD44BE /* Toolbar_SwiftUITests.swift in Sources */,
			);
			runOnlyForDeploymentPostprocessing = 0;
		};
		A8DF4E6B2A6F6D1100BD44BE /* Sources */ = {
			isa = PBXSourcesBuildPhase;
			buildActionMask = 2147483647;
			files = (
				A8DF4E762A6F6D1100BD44BE /* Toolbar_SwiftUIUITestsLaunchTests.swift in Sources */,
				A8DF4E742A6F6D1100BD44BE /* Toolbar_SwiftUIUITests.swift in Sources */,
			);
			runOnlyForDeploymentPostprocessing = 0;
		};
/* End PBXSourcesBuildPhase section */

/* Begin PBXTargetDependency section */
		A8DF4E672A6F6D1100BD44BE /* PBXTargetDependency */ = {
			isa = PBXTargetDependency;
			target = A8DF4E542A6F6D0D00BD44BE /* Toolbar_SwiftUI */;
			targetProxy = A8DF4E662A6F6D1100BD44BE /* PBXContainerItemProxy */;
		};
		A8DF4E712A6F6D1100BD44BE /* PBXTargetDependency */ = {
			isa = PBXTargetDependency;
			target = A8DF4E542A6F6D0D00BD44BE /* Toolbar_SwiftUI */;
			targetProxy = A8DF4E702A6F6D1100BD44BE /* PBXContainerItemProxy */;
		};
/* End PBXTargetDependency section */

/* Begin XCBuildConfiguration section */
		A8DF4E772A6F6D1100BD44BE /* Debug */ = {
			isa = XCBuildConfiguration;
			buildSettings = {
				ALWAYS_SEARCH_USER_PATHS = NO;
				CLANG_ANALYZER_NONNULL = YES;
				CLANG_ANALYZER_NUMBER_OBJECT_CONVERSION = YES_AGGRESSIVE;
				CLANG_CXX_LANGUAGE_STANDARD = "gnu++17";
				CLANG_CXX_LIBRARY = "libc++";
				CLANG_ENABLE_MODULES = YES;
				CLANG_ENABLE_OBJC_ARC = YES;
				CLANG_ENABLE_OBJC_WEAK = YES;
				CLANG_WARN_BLOCK_CAPTURE_AUTORELEASING = YES;
				CLANG_WARN_BOOL_CONVERSION = YES;
				CLANG_WARN_COMMA = YES;
				CLANG_WARN_CONSTANT_CONVERSION = YES;
				CLANG_WARN_DEPRECATED_OBJC_IMPLEMENTATIONS = YES;
				CLANG_WARN_DIRECT_OBJC_ISA_USAGE = YES_ERROR;
				CLANG_WARN_DOCUMENTATION_COMMENTS = YES;
				CLANG_WARN_EMPTY_BODY = YES;
				CLANG_WARN_ENUM_CONVERSION = YES;
				CLANG_WARN_INFINITE_RECURSION = YES;
				CLANG_WARN_INT_CONVERSION = YES;
				CLANG_WARN_NON_LITERAL_NULL_CONVERSION = YES;
				CLANG_WARN_OBJC_IMPLICIT_RETAIN_SELF = YES;
				CLANG_WARN_OBJC_LITERAL_CONVERSION = YES;
				CLANG_WARN_OBJC_ROOT_CLASS = YES_ERROR;
				CLANG_WARN_QUOTED_INCLUDE_IN_FRAMEWORK_HEADER = YES;
				CLANG_WARN_RANGE_LOOP_ANALYSIS = YES;
				CLANG_WARN_STRICT_PROTOTYPES = YES;
				CLANG_WARN_SUSPICIOUS_MOVE = YES;
				CLANG_WARN_UNGUARDED_AVAILABILITY = YES_AGGRESSIVE;
				CLANG_WARN_UNREACHABLE_CODE = YES;
				CLANG_WARN__DUPLICATE_METHOD_MATCH = YES;
				COPY_PHASE_STRIP = NO;
				DEBUG_INFORMATION_FORMAT = dwarf;
				ENABLE_STRICT_OBJC_MSGSEND = YES;
				ENABLE_TESTABILITY = YES;
				GCC_C_LANGUAGE_STANDARD = gnu11;
				GCC_DYNAMIC_NO_PIC = NO;
				GCC_NO_COMMON_BLOCKS = YES;
				GCC_OPTIMIZATION_LEVEL = 0;
				GCC_PREPROCESSOR_DEFINITIONS = (
					"DEBUG=1",
					"$(inherited)",
				);
				GCC_WARN_64_TO_32_BIT_CONVERSION = YES;
				GCC_WARN_ABOUT_RETURN_TYPE = YES_ERROR;
				GCC_WARN_UNDECLARED_SELECTOR = YES;
				GCC_WARN_UNINITIALIZED_AUTOS = YES_AGGRESSIVE;
				GCC_WARN_UNUSED_FUNCTION = YES;
				GCC_WARN_UNUSED_VARIABLE = YES;
				IPHONEOS_DEPLOYMENT_TARGET = 15.2;
				MTL_ENABLE_DEBUG_INFO = INCLUDE_SOURCE;
				MTL_FAST_MATH = YES;
				ONLY_ACTIVE_ARCH = YES;
				SDKROOT = iphoneos;
				SWIFT_ACTIVE_COMPILATION_CONDITIONS = DEBUG;
				SWIFT_OPTIMIZATION_LEVEL = "-Onone";
			};
			name = Debug;
		};
		A8DF4E782A6F6D1100BD44BE /* Release */ = {
			isa = XCBuildConfiguration;
			buildSettings = {
				ALWAYS_SEARCH_USER_PATHS = NO;
				CLANG_ANALYZER_NONNULL = YES;
				CLANG_ANALYZER_NUMBER_OBJECT_CONVERSION = YES_AGGRESSIVE;
				CLANG_CXX_LANGUAGE_STANDARD = "gnu++17";
				CLANG_CXX_LIBRARY = "libc++";
				CLANG_ENABLE_MODULES = YES;
				CLANG_ENABLE_OBJC_ARC = YES;
				CLANG_ENABLE_OBJC_WEAK = YES;
				CLANG_WARN_BLOCK_CAPTURE_AUTORELEASING = YES;
				CLANG_WARN_BOOL_CONVERSION = YES;
				CLANG_WARN_COMMA = YES;
				CLANG_WARN_CONSTANT_CONVERSION = YES;
				CLANG_WARN_DEPRECATED_OBJC_IMPLEMENTATIONS = YES;
				CLANG_WARN_DIRECT_OBJC_ISA_USAGE = YES_ERROR;
				CLANG_WARN_DOCUMENTATION_COMMENTS = YES;
				CLANG_WARN_EMPTY_BODY = YES;
				CLANG_WARN_ENUM_CONVERSION = YES;
				CLANG_WARN_INFINITE_RECURSION = YES;
				CLANG_WARN_INT_CONVERSION = YES;
				CLANG_WARN_NON_LITERAL_NULL_CONVERSION = YES;
				CLANG_WARN_OBJC_IMPLICIT_RETAIN_SELF = YES;
				CLANG_WARN_OBJC_LITERAL_CONVERSION = YES;
				CLANG_WARN_OBJC_ROOT_CLASS = YES_ERROR;
				CLANG_WARN_QUOTED_INCLUDE_IN_FRAMEWORK_HEADER = YES;
				CLANG_WARN_RANGE_LOOP_ANALYSIS = YES;
				CLANG_WARN_STRICT_PROTOTYPES = YES;
				CLANG_WARN_SUSPICIOUS_MOVE = YES;
				CLANG_WARN_UNGUARDED_AVAILABILITY = YES_AGGRESSIVE;
				CLANG_WARN_UNREACHABLE_CODE = YES;
				CLANG_WARN__DUPLICATE_METHOD_MATCH = YES;
				COPY_PHASE_STRIP = NO;
				DEBUG_INFORMATION_FORMAT = "dwarf-with-dsym";
				ENABLE_NS_ASSERTIONS = NO;
				ENABLE_STRICT_OBJC_MSGSEND = YES;
				GCC_C_LANGUAGE_STANDARD = gnu11;
				GCC_NO_COMMON_BLOCKS = YES;
				GCC_WARN_64_TO_32_BIT_CONVERSION = YES;
				GCC_WARN_ABOUT_RETURN_TYPE = YES_ERROR;
				GCC_WARN_UNDECLARED_SELECTOR = YES;
				GCC_WARN_UNINITIALIZED_AUTOS = YES_AGGRESSIVE;
				GCC_WARN_UNUSED_FUNCTION = YES;
				GCC_WARN_UNUSED_VARIABLE = YES;
				IPHONEOS_DEPLOYMENT_TARGET = 15.2;
				MTL_ENABLE_DEBUG_INFO = NO;
				MTL_FAST_MATH = YES;
				SDKROOT = iphoneos;
				SWIFT_COMPILATION_MODE = wholemodule;
				SWIFT_OPTIMIZATION_LEVEL = "-O";
				VALIDATE_PRODUCT = YES;
			};
			name = Release;
		};
		A8DF4E7A2A6F6D1100BD44BE /* Debug */ = {
			isa = XCBuildConfiguration;
			buildSettings = {
				ASSETCATALOG_COMPILER_APPICON_NAME = AppIcon;
				ASSETCATALOG_COMPILER_GLOBAL_ACCENT_COLOR_NAME = AccentColor;
				CODE_SIGN_STYLE = Automatic;
				CURRENT_PROJECT_VERSION = 1;
				DEVELOPMENT_ASSET_PATHS = "\"Toolbar_SwiftUI/Preview Content\"";
				ENABLE_PREVIEWS = YES;
				GENERATE_INFOPLIST_FILE = YES;
				INFOPLIST_KEY_UIApplicationSceneManifest_Generation = YES;
				INFOPLIST_KEY_UIApplicationSupportsIndirectInputEvents = YES;
				INFOPLIST_KEY_UILaunchScreen_Generation = YES;
				INFOPLIST_KEY_UISupportedInterfaceOrientations_iPad = "UIInterfaceOrientationPortrait UIInterfaceOrientationPortraitUpsideDown UIInterfaceOrientationLandscapeLeft UIInterfaceOrientationLandscapeRight";
				INFOPLIST_KEY_UISupportedInterfaceOrientations_iPhone = "UIInterfaceOrientationPortrait UIInterfaceOrientationLandscapeLeft UIInterfaceOrientationLandscapeRight";
				LD_RUNPATH_SEARCH_PATHS = (
					"$(inherited)",
					"@executable_path/Frameworks",
				);
				MARKETING_VERSION = 1.0;
				PRODUCT_BUNDLE_IDENTIFIER = "com.nvnt.tvt.Toolbar-SwiftUI";
				PRODUCT_NAME = "$(TARGET_NAME)";
				SWIFT_EMIT_LOC_STRINGS = YES;
				SWIFT_VERSION = 5.0;
				TARGETED_DEVICE_FAMILY = "1,2";
			};
			name = Debug;
		};
		A8DF4E7B2A6F6D1100BD44BE /* Release */ = {
			isa = XCBuildConfiguration;
			buildSettings = {
				ASSETCATALOG_COMPILER_APPICON_NAME = AppIcon;
				ASSETCATALOG_COMPILER_GLOBAL_ACCENT_COLOR_NAME = AccentColor;
				CODE_SIGN_STYLE = Automatic;
				CURRENT_PROJECT_VERSION = 1;
				DEVELOPMENT_ASSET_PATHS = "\"Toolbar_SwiftUI/Preview Content\"";
				ENABLE_PREVIEWS = YES;
				GENERATE_INFOPLIST_FILE = YES;
				INFOPLIST_KEY_UIApplicationSceneManifest_Generation = YES;
				INFOPLIST_KEY_UIApplicationSupportsIndirectInputEvents = YES;
				INFOPLIST_KEY_UILaunchScreen_Generation = YES;
				INFOPLIST_KEY_UISupportedInterfaceOrientations_iPad = "UIInterfaceOrientationPortrait UIInterfaceOrientationPortraitUpsideDown UIInterfaceOrientationLandscapeLeft UIInterfaceOrientationLandscapeRight";
				INFOPLIST_KEY_UISupportedInterfaceOrientations_iPhone = "UIInterfaceOrientationPortrait UIInterfaceOrientationLandscapeLeft UIInterfaceOrientationLandscapeRight";
				LD_RUNPATH_SEARCH_PATHS = (
					"$(inherited)",
					"@executable_path/Frameworks",
				);
				MARKETING_VERSION = 1.0;
				PRODUCT_BUNDLE_IDENTIFIER = "com.nvnt.tvt.Toolbar-SwiftUI";
				PRODUCT_NAME = "$(TARGET_NAME)";
				SWIFT_EMIT_LOC_STRINGS = YES;
				SWIFT_VERSION = 5.0;
				TARGETED_DEVICE_FAMILY = "1,2";
			};
			name = Release;
		};
		A8DF4E7D2A6F6D1100BD44BE /* Debug */ = {
			isa = XCBuildConfiguration;
			buildSettings = {
				ALWAYS_EMBED_SWIFT_STANDARD_LIBRARIES = YES;
				BUNDLE_LOADER = "$(TEST_HOST)";
				CODE_SIGN_STYLE = Automatic;
				CURRENT_PROJECT_VERSION = 1;
				GENERATE_INFOPLIST_FILE = YES;
				IPHONEOS_DEPLOYMENT_TARGET = 15.2;
				MARKETING_VERSION = 1.0;
				PRODUCT_BUNDLE_IDENTIFIER = "com.nvnt.tvt.Toolbar-SwiftUITests";
				PRODUCT_NAME = "$(TARGET_NAME)";
				SWIFT_EMIT_LOC_STRINGS = NO;
				SWIFT_VERSION = 5.0;
				TARGETED_DEVICE_FAMILY = "1,2";
				TEST_HOST = "$(BUILT_PRODUCTS_DIR)/Toolbar_SwiftUI.app/Toolbar_SwiftUI";
			};
			name = Debug;
		};
		A8DF4E7E2A6F6D1100BD44BE /* Release */ = {
			isa = XCBuildConfiguration;
			buildSettings = {
				ALWAYS_EMBED_SWIFT_STANDARD_LIBRARIES = YES;
				BUNDLE_LOADER = "$(TEST_HOST)";
				CODE_SIGN_STYLE = Automatic;
				CURRENT_PROJECT_VERSION = 1;
				GENERATE_INFOPLIST_FILE = YES;
				IPHONEOS_DEPLOYMENT_TARGET = 15.2;
				MARKETING_VERSION = 1.0;
				PRODUCT_BUNDLE_IDENTIFIER = "com.nvnt.tvt.Toolbar-SwiftUITests";
				PRODUCT_NAME = "$(TARGET_NAME)";
				SWIFT_EMIT_LOC_STRINGS = NO;
				SWIFT_VERSION = 5.0;
				TARGETED_DEVICE_FAMILY = "1,2";
				TEST_HOST = "$(BUILT_PRODUCTS_DIR)/Toolbar_SwiftUI.app/Toolbar_SwiftUI";
			};
			name = Release;
		};
		A8DF4E802A6F6D1100BD44BE /* Debug */ = {
			isa = XCBuildConfiguration;
			buildSettings = {
				ALWAYS_EMBED_SWIFT_STANDARD_LIBRARIES = YES;
				CODE_SIGN_STYLE = Automatic;
				CURRENT_PROJECT_VERSION = 1;
				GENERATE_INFOPLIST_FILE = YES;
				MARKETING_VERSION = 1.0;
				PRODUCT_BUNDLE_IDENTIFIER = "com.nvnt.tvt.Toolbar-SwiftUIUITests";
				PRODUCT_NAME = "$(TARGET_NAME)";
				SWIFT_EMIT_LOC_STRINGS = NO;
				SWIFT_VERSION = 5.0;
				TARGETED_DEVICE_FAMILY = "1,2";
				TEST_TARGET_NAME = Toolbar_SwiftUI;
			};
			name = Debug;
		};
		A8DF4E812A6F6D1100BD44BE /* Release */ = {
			isa = XCBuildConfiguration;
			buildSettings = {
				ALWAYS_EMBED_SWIFT_STANDARD_LIBRARIES = YES;
				CODE_SIGN_STYLE = Automatic;
				CURRENT_PROJECT_VERSION = 1;
				GENERATE_INFOPLIST_FILE = YES;
				MARKETING_VERSION = 1.0;
				PRODUCT_BUNDLE_IDENTIFIER = "com.nvnt.tvt.Toolbar-SwiftUIUITests";
				PRODUCT_NAME = "$(TARGET_NAME)";
				SWIFT_EMIT_LOC_STRINGS = NO;
				SWIFT_VERSION = 5.0;
				TARGETED_DEVICE_FAMILY = "1,2";
				TEST_TARGET_NAME = Toolbar_SwiftUI;
			};
			name = Release;
		};
/* End XCBuildConfiguration section */

/* Begin XCConfigurationList section */
		A8DF4E502A6F6D0D00BD44BE /* Build configuration list for PBXProject "Toolbar_SwiftUI" */ = {
			isa = XCConfigurationList;
			buildConfigurations = (
				A8DF4E772A6F6D1100BD44BE /* Debug */,
				A8DF4E782A6F6D1100BD44BE /* Release */,
			);
			defaultConfigurationIsVisible = 0;
			defaultConfigurationName = Release;
		};
		A8DF4E792A6F6D1100BD44BE /* Build configuration list for PBXNativeTarget "Toolbar_SwiftUI" */ = {
			isa = XCConfigurationList;
			buildConfigurations = (
				A8DF4E7A2A6F6D1100BD44BE /* Debug */,
				A8DF4E7B2A6F6D1100BD44BE /* Release */,
			);
			defaultConfigurationIsVisible = 0;
			defaultConfigurationName = Release;
		};
		A8DF4E7C2A6F6D1100BD44BE /* Build configuration list for PBXNativeTarget "Toolbar_SwiftUITests" */ = {
			isa = XCConfigurationList;
			buildConfigurations = (
				A8DF4E7D2A6F6D1100BD44BE /* Debug */,
				A8DF4E7E2A6F6D1100BD44BE /* Release */,
			);
			defaultConfigurationIsVisible = 0;
			defaultConfigurationName = Release;
		};
		A8DF4E7F2A6F6D1100BD44BE /* Build configuration list for PBXNativeTarget "Toolbar_SwiftUIUITests" */ = {
			isa = XCConfigurationList;
			buildConfigurations = (
				A8DF4E802A6F6D1100BD44BE /* Debug */,
				A8DF4E812A6F6D1100BD44BE /* Release */,
			);
			defaultConfigurationIsVisible = 0;
			defaultConfigurationName = Release;
		};
/* End XCConfigurationList section */
	};
	rootObject = A8DF4E4D2A6F6D0D00BD44BE /* Project object */;
}
